// !$*UTF8*$!
{
	archiveVersion = 1;
	classes = {
	};
	objectVersion = 46;
	objects = {

/* Begin PBXBuildFile section */
		4423ED121E50E72700344B6D /* HikeGroup.storyboard in Resources */ = {isa = PBXBuildFile; fileRef = 4423ED111E50E72700344B6D /* HikeGroup.storyboard */; };
		4434BD071E5D5B8B008692B8 /* mailFriend.swift in Sources */ = {isa = PBXBuildFile; fileRef = 4434BD061E5D5B8B008692B8 /* mailFriend.swift */; };
		44385C011E5BCFE10095F2B0 /* CustomTableViewCell.swift in Sources */ = {isa = PBXBuildFile; fileRef = 44385C001E5BCFE10095F2B0 /* CustomTableViewCell.swift */; };
		44385C031E5BD2790095F2B0 /* inviteFriendsController.swift in Sources */ = {isa = PBXBuildFile; fileRef = 44385C021E5BD2790095F2B0 /* inviteFriendsController.swift */; };
		44385C051E5BD50C0095F2B0 /* ViewFriendViewController.swift in Sources */ = {isa = PBXBuildFile; fileRef = 44385C041E5BD50C0095F2B0 /* ViewFriendViewController.swift */; };
		44385C081E5CE30B0095F2B0 /* Schedule.storyboard in Resources */ = {isa = PBXBuildFile; fileRef = 44385C071E5CE30B0095F2B0 /* Schedule.storyboard */; };
		44385C0A1E5CE3430095F2B0 /* ScheduleListController.swift in Sources */ = {isa = PBXBuildFile; fileRef = 44385C091E5CE3430095F2B0 /* ScheduleListController.swift */; };
		44385C0C1E5CEFB20095F2B0 /* ScheduleViewCell.swift in Sources */ = {isa = PBXBuildFile; fileRef = 44385C0B1E5CEFB20095F2B0 /* ScheduleViewCell.swift */; };
		44385C0E1E5CF27E0095F2B0 /* ScheduleProfileController.swift in Sources */ = {isa = PBXBuildFile; fileRef = 44385C0D1E5CF27E0095F2B0 /* ScheduleProfileController.swift */; };
		446087741E4E1149007A8BE0 /* LoginViewController.swift in Sources */ = {isa = PBXBuildFile; fileRef = 446087731E4E1149007A8BE0 /* LoginViewController.swift */; };
		446087761E4E115D007A8BE0 /* UserLogin.swift in Sources */ = {isa = PBXBuildFile; fileRef = 446087751E4E115D007A8BE0 /* UserLogin.swift */; };
		446087781E4E116A007A8BE0 /* User.swift in Sources */ = {isa = PBXBuildFile; fileRef = 446087771E4E116A007A8BE0 /* User.swift */; };
		4460877F1E4E1456007A8BE0 /* CreateAccountViewController.swift in Sources */ = {isa = PBXBuildFile; fileRef = 4460877E1E4E1456007A8BE0 /* CreateAccountViewController.swift */; };
		446087811E4E1771007A8BE0 /* SignIn.storyboard in Resources */ = {isa = PBXBuildFile; fileRef = 446087801E4E1771007A8BE0 /* SignIn.storyboard */; };
		4460878D1E4E2C96007A8BE0 /* DashBoard.storyboard in Resources */ = {isa = PBXBuildFile; fileRef = 4460878C1E4E2C96007A8BE0 /* DashBoard.storyboard */; };
		447F49A11E5AC4BE0028282D /* GroupProfileViewController.swift in Sources */ = {isa = PBXBuildFile; fileRef = 447F49A01E5AC4BE0028282D /* GroupProfileViewController.swift */; };
		448C10FF1E5B648A00BE9123 /* GroupDBController.swift in Sources */ = {isa = PBXBuildFile; fileRef = 448C10FE1E5B648A00BE9123 /* GroupDBController.swift */; };
		448C11011E5B64B300BE9123 /* GroupModel.swift in Sources */ = {isa = PBXBuildFile; fileRef = 448C11001E5B64B300BE9123 /* GroupModel.swift */; };
		44967C961E5D69E700086030 /* friendIvCell.swift in Sources */ = {isa = PBXBuildFile; fileRef = 44967C951E5D69E700086030 /* friendIvCell.swift */; };
		449ACFCC1E56216600B84118 /* HikeGroupViewController.swift in Sources */ = {isa = PBXBuildFile; fileRef = 449ACFCB1E56216600B84118 /* HikeGroupViewController.swift */; };
		449ACFCF1E565ED300B84118 /* CreateGroupViewController.swift in Sources */ = {isa = PBXBuildFile; fileRef = 449ACFCE1E565ED300B84118 /* CreateGroupViewController.swift */; };
		449ACFD51E58758900B84118 /* DashBoardViewController.swift in Sources */ = {isa = PBXBuildFile; fileRef = 449ACFD41E58758900B84118 /* DashBoardViewController.swift */; };
		44F136721E62087600E3747C /* UserProfileViewController.swift in Sources */ = {isa = PBXBuildFile; fileRef = 44F136711E62087600E3747C /* UserProfileViewController.swift */; };
		44F136741E62277500E3747C /* GroupListViewCell.swift in Sources */ = {isa = PBXBuildFile; fileRef = 44F136731E62277500E3747C /* GroupListViewCell.swift */; };
		44F5B7301E63166E007C7B97 /* SettingsController.swift in Sources */ = {isa = PBXBuildFile; fileRef = 44F5B72F1E63166E007C7B97 /* SettingsController.swift */; };
		44F5B7321E63176F007C7B97 /* JoinAppInvitation.swift in Sources */ = {isa = PBXBuildFile; fileRef = 44F5B7311E63176F007C7B97 /* JoinAppInvitation.swift */; };
		44F5B7341E6318C5007C7B97 /* SettingCellController.swift in Sources */ = {isa = PBXBuildFile; fileRef = 44F5B7331E6318C5007C7B97 /* SettingCellController.swift */; };
		65E7EEE2D0A127F42608855C /* Pods_CapstoneTrail.framework in Frameworks */ = {isa = PBXBuildFile; fileRef = C1FA64D3EB2D622B0A7EC696 /* Pods_CapstoneTrail.framework */; };
		A900F3511E4A075A00556D79 /* MapKit.framework in Frameworks */ = {isa = PBXBuildFile; fileRef = A900F3501E4A075A00556D79 /* MapKit.framework */; };
		A9FB931E1E4A0BBA0053F6E3 /* README.md in Sources */ = {isa = PBXBuildFile; fileRef = A9FB931D1E4A0BBA0053F6E3 /* README.md */; };
		A9FB93201E4A0C210053F6E3 /* APIKeys.plist in Resources */ = {isa = PBXBuildFile; fileRef = A9FB931F1E4A0C210053F6E3 /* APIKeys.plist */; };
		B66C828D90807E4B30E4188C /* AppDelegate.swift in Sources */ = {isa = PBXBuildFile; fileRef = B66C8A82BC1ABAFB0F9D0E10 /* AppDelegate.swift */; };
		B66C875384EF1325BC0D7110 /* LaunchScreen.storyboard in Resources */ = {isa = PBXBuildFile; fileRef = B66C82EA8971FB9C46435BE3 /* LaunchScreen.storyboard */; };
		B66C886F4E9D6EB703C4E2EF /* CapstoneTrailTests.swift in Sources */ = {isa = PBXBuildFile; fileRef = B66C82FB63F731C6D50BC7ED /* CapstoneTrailTests.swift */; };
		B66C8A93363E18079BF25D47 /* Main.storyboard in Resources */ = {isa = PBXBuildFile; fileRef = B66C842C3146213CC47FE05D /* Main.storyboard */; };
		B66C8CB60CD0DB584DAD522E /* ViewController.swift in Sources */ = {isa = PBXBuildFile; fileRef = B66C80D3D9049E6DECDBF27F /* ViewController.swift */; };
		B66C8E1A7401C833BE35C2A3 /* Images.xcassets in Resources */ = {isa = PBXBuildFile; fileRef = B66C8FFA2195697D1BA6415F /* Images.xcassets */; };
		B66C8E8C8FFE2F1F9BB34360 /* Localizable.strings in Resources */ = {isa = PBXBuildFile; fileRef = B66C8C866F8BFE32C7F9EDC4 /* Localizable.strings */; };
		D21BE5401E5FCB0C006D05C4 /* Friend.storyboard in Resources */ = {isa = PBXBuildFile; fileRef = D21BE53B1E5FCB0C006D05C4 /* Friend.storyboard */; };
		D21BE5411E5FCB0C006D05C4 /* FriendViewController.swift in Sources */ = {isa = PBXBuildFile; fileRef = D21BE53C1E5FCB0C006D05C4 /* FriendViewController.swift */; };
		D21BE5421E5FCB0C006D05C4 /* Friend.swift in Sources */ = {isa = PBXBuildFile; fileRef = D21BE53D1E5FCB0C006D05C4 /* Friend.swift */; };
		D21BE5431E5FCB0C006D05C4 /* PeopleViewController.swift in Sources */ = {isa = PBXBuildFile; fileRef = D21BE53E1E5FCB0C006D05C4 /* PeopleViewController.swift */; };
		D21BE5441E5FCB0C006D05C4 /* People.storyboard in Resources */ = {isa = PBXBuildFile; fileRef = D21BE53F1E5FCB0C006D05C4 /* People.storyboard */; };
		D21BE5471E5FCB30006D05C4 /* UIImageExtension.swift in Sources */ = {isa = PBXBuildFile; fileRef = D21BE5451E5FCB30006D05C4 /* UIImageExtension.swift */; };
		D21BE5481E5FCB30006D05C4 /* StringExtension.swift in Sources */ = {isa = PBXBuildFile; fileRef = D21BE5461E5FCB30006D05C4 /* StringExtension.swift */; };
		D21BE54C1E5FCB42006D05C4 /* WalkingShedule.swift in Sources */ = {isa = PBXBuildFile; fileRef = D21BE5491E5FCB42006D05C4 /* WalkingShedule.swift */; };
		D21BE54D1E5FCB42006D05C4 /* WalkingSchedule.storyboard in Resources */ = {isa = PBXBuildFile; fileRef = D21BE54A1E5FCB42006D05C4 /* WalkingSchedule.storyboard */; };
		D21BE54E1E5FCB42006D05C4 /* WalkingScheduleViewController.swift in Sources */ = {isa = PBXBuildFile; fileRef = D21BE54B1E5FCB42006D05C4 /* WalkingScheduleViewController.swift */; };
		D24784481E4A8C7A00A0AFCF /* GoogleService-Info.plist in Resources */ = {isa = PBXBuildFile; fileRef = D24784471E4A8C7A00A0AFCF /* GoogleService-Info.plist */; };
		D247844A1E4A8D5E00A0AFCF /* LoginController.swift in Sources */ = {isa = PBXBuildFile; fileRef = D24784491E4A8D5E00A0AFCF /* LoginController.swift */; };
		F3A5266CCD7930CF069AECDD /* Pods_CapstoneTrailTests.framework in Frameworks */ = {isa = PBXBuildFile; fileRef = B84E3F6471D45FB5637C3E7E /* Pods_CapstoneTrailTests.framework */; };
/* End PBXBuildFile section */

/* Begin PBXContainerItemProxy section */
		B66C8442E5EE6A3F79FDCC78 /* PBXContainerItemProxy */ = {
			isa = PBXContainerItemProxy;
			containerPortal = B66C8B94777728DFEB7964D7 /* Project object */;
			proxyType = 1;
			remoteGlobalIDString = B66C85B253DA11D131100BD0;
			remoteInfo = CapstoneTrail;
		};
/* End PBXContainerItemProxy section */

/* Begin PBXFileReference section */
		1D6EA5CAAD52FAA0D9CDCCDE /* Pods-CapstoneTrail.release.xcconfig */ = {isa = PBXFileReference; includeInIndex = 1; lastKnownFileType = text.xcconfig; name = "Pods-CapstoneTrail.release.xcconfig"; path = "Pods/Target Support Files/Pods-CapstoneTrail/Pods-CapstoneTrail.release.xcconfig"; sourceTree = "<group>"; };
		2731D46A09543C153A6C31D3 /* Pods-CapstoneTrailTests.release.xcconfig */ = {isa = PBXFileReference; includeInIndex = 1; lastKnownFileType = text.xcconfig; name = "Pods-CapstoneTrailTests.release.xcconfig"; path = "Pods/Target Support Files/Pods-CapstoneTrailTests/Pods-CapstoneTrailTests.release.xcconfig"; sourceTree = "<group>"; };
		4423ED111E50E72700344B6D /* HikeGroup.storyboard */ = {isa = PBXFileReference; fileEncoding = 4; lastKnownFileType = file.storyboard; name = HikeGroup.storyboard; path = HikeGroup/HikeGroup.storyboard; sourceTree = "<group>"; };
		4434BD061E5D5B8B008692B8 /* mailFriend.swift */ = {isa = PBXFileReference; fileEncoding = 4; lastKnownFileType = sourcecode.swift; path = mailFriend.swift; sourceTree = "<group>"; };
		44385C001E5BCFE10095F2B0 /* CustomTableViewCell.swift */ = {isa = PBXFileReference; fileEncoding = 4; lastKnownFileType = sourcecode.swift; path = CustomTableViewCell.swift; sourceTree = "<group>"; };
		44385C021E5BD2790095F2B0 /* inviteFriendsController.swift */ = {isa = PBXFileReference; fileEncoding = 4; lastKnownFileType = sourcecode.swift; path = inviteFriendsController.swift; sourceTree = "<group>"; };
		44385C041E5BD50C0095F2B0 /* ViewFriendViewController.swift */ = {isa = PBXFileReference; fileEncoding = 4; lastKnownFileType = sourcecode.swift; path = ViewFriendViewController.swift; sourceTree = "<group>"; };
		44385C071E5CE30B0095F2B0 /* Schedule.storyboard */ = {isa = PBXFileReference; fileEncoding = 4; lastKnownFileType = file.storyboard; path = Schedule.storyboard; sourceTree = "<group>"; };
		44385C091E5CE3430095F2B0 /* ScheduleListController.swift */ = {isa = PBXFileReference; fileEncoding = 4; lastKnownFileType = sourcecode.swift; path = ScheduleListController.swift; sourceTree = "<group>"; };
		44385C0B1E5CEFB20095F2B0 /* ScheduleViewCell.swift */ = {isa = PBXFileReference; fileEncoding = 4; lastKnownFileType = sourcecode.swift; path = ScheduleViewCell.swift; sourceTree = "<group>"; };
		44385C0D1E5CF27E0095F2B0 /* ScheduleProfileController.swift */ = {isa = PBXFileReference; fileEncoding = 4; lastKnownFileType = sourcecode.swift; path = ScheduleProfileController.swift; sourceTree = "<group>"; };
		446087731E4E1149007A8BE0 /* LoginViewController.swift */ = {isa = PBXFileReference; fileEncoding = 4; lastKnownFileType = sourcecode.swift; path = LoginViewController.swift; sourceTree = "<group>"; };
		446087751E4E115D007A8BE0 /* UserLogin.swift */ = {isa = PBXFileReference; fileEncoding = 4; lastKnownFileType = sourcecode.swift; path = UserLogin.swift; sourceTree = "<group>"; };
		446087771E4E116A007A8BE0 /* User.swift */ = {isa = PBXFileReference; fileEncoding = 4; lastKnownFileType = sourcecode.swift; path = User.swift; sourceTree = "<group>"; };
		4460877E1E4E1456007A8BE0 /* CreateAccountViewController.swift */ = {isa = PBXFileReference; fileEncoding = 4; lastKnownFileType = sourcecode.swift; path = CreateAccountViewController.swift; sourceTree = "<group>"; };
		446087801E4E1771007A8BE0 /* SignIn.storyboard */ = {isa = PBXFileReference; fileEncoding = 4; lastKnownFileType = file.storyboard; path = SignIn.storyboard; sourceTree = "<group>"; };
		4460878C1E4E2C96007A8BE0 /* DashBoard.storyboard */ = {isa = PBXFileReference; fileEncoding = 4; lastKnownFileType = file.storyboard; path = DashBoard.storyboard; sourceTree = "<group>"; };
		447F49A01E5AC4BE0028282D /* GroupProfileViewController.swift */ = {isa = PBXFileReference; fileEncoding = 4; lastKnownFileType = sourcecode.swift; name = GroupProfileViewController.swift; path = HikeGroup/GroupProfileViewController.swift; sourceTree = "<group>"; };
		448C10FE1E5B648A00BE9123 /* GroupDBController.swift */ = {isa = PBXFileReference; fileEncoding = 4; lastKnownFileType = sourcecode.swift; path = GroupDBController.swift; sourceTree = "<group>"; };
		448C11001E5B64B300BE9123 /* GroupModel.swift */ = {isa = PBXFileReference; fileEncoding = 4; lastKnownFileType = sourcecode.swift; path = GroupModel.swift; sourceTree = "<group>"; };
		44967C951E5D69E700086030 /* friendIvCell.swift */ = {isa = PBXFileReference; fileEncoding = 4; lastKnownFileType = sourcecode.swift; path = friendIvCell.swift; sourceTree = "<group>"; };
		449ACFCB1E56216600B84118 /* HikeGroupViewController.swift */ = {isa = PBXFileReference; fileEncoding = 4; lastKnownFileType = sourcecode.swift; name = HikeGroupViewController.swift; path = HikeGroup/HikeGroupViewController.swift; sourceTree = "<group>"; };
		449ACFCE1E565ED300B84118 /* CreateGroupViewController.swift */ = {isa = PBXFileReference; fileEncoding = 4; lastKnownFileType = sourcecode.swift; path = CreateGroupViewController.swift; sourceTree = "<group>"; };
		449ACFD41E58758900B84118 /* DashBoardViewController.swift */ = {isa = PBXFileReference; fileEncoding = 4; lastKnownFileType = sourcecode.swift; path = DashBoardViewController.swift; sourceTree = "<group>"; };
		44F136711E62087600E3747C /* UserProfileViewController.swift */ = {isa = PBXFileReference; fileEncoding = 4; lastKnownFileType = sourcecode.swift; path = UserProfileViewController.swift; sourceTree = "<group>"; };
		44F136731E62277500E3747C /* GroupListViewCell.swift */ = {isa = PBXFileReference; fileEncoding = 4; lastKnownFileType = sourcecode.swift; name = GroupListViewCell.swift; path = HikeGroup/GroupListViewCell.swift; sourceTree = "<group>"; };
		44F5B72F1E63166E007C7B97 /* SettingsController.swift */ = {isa = PBXFileReference; fileEncoding = 4; lastKnownFileType = sourcecode.swift; name = SettingsController.swift; path = Settings/SettingsController.swift; sourceTree = "<group>"; };
		44F5B7311E63176F007C7B97 /* JoinAppInvitation.swift */ = {isa = PBXFileReference; fileEncoding = 4; lastKnownFileType = sourcecode.swift; name = JoinAppInvitation.swift; path = HikeGroup/JoinAppInvitation.swift; sourceTree = "<group>"; };
		44F5B7331E6318C5007C7B97 /* SettingCellController.swift */ = {isa = PBXFileReference; fileEncoding = 4; lastKnownFileType = sourcecode.swift; name = SettingCellController.swift; path = Settings/SettingCellController.swift; sourceTree = "<group>"; };
		85BDD1C74E4267286E511B7F /* Pods-CapstoneTrailTests.debug.xcconfig */ = {isa = PBXFileReference; includeInIndex = 1; lastKnownFileType = text.xcconfig; name = "Pods-CapstoneTrailTests.debug.xcconfig"; path = "Pods/Target Support Files/Pods-CapstoneTrailTests/Pods-CapstoneTrailTests.debug.xcconfig"; sourceTree = "<group>"; };
		93C0CBAFEF495B65F5778885 /* Pods-CapstoneTrail.debug.xcconfig */ = {isa = PBXFileReference; includeInIndex = 1; lastKnownFileType = text.xcconfig; name = "Pods-CapstoneTrail.debug.xcconfig"; path = "Pods/Target Support Files/Pods-CapstoneTrail/Pods-CapstoneTrail.debug.xcconfig"; sourceTree = "<group>"; };
		A900F3501E4A075A00556D79 /* MapKit.framework */ = {isa = PBXFileReference; lastKnownFileType = wrapper.framework; name = MapKit.framework; path = System/Library/Frameworks/MapKit.framework; sourceTree = SDKROOT; };
		A9FB931D1E4A0BBA0053F6E3 /* README.md */ = {isa = PBXFileReference; fileEncoding = 4; lastKnownFileType = net.daringfireball.markdown; path = README.md; sourceTree = "<group>"; };
		A9FB931F1E4A0C210053F6E3 /* APIKeys.plist */ = {isa = PBXFileReference; fileEncoding = 4; lastKnownFileType = text.plist.xml; path = APIKeys.plist; sourceTree = "<group>"; };
		B66C80D3D9049E6DECDBF27F /* ViewController.swift */ = {isa = PBXFileReference; lastKnownFileType = sourcecode.swift; path = ViewController.swift; sourceTree = "<group>"; };
		B66C82FB63F731C6D50BC7ED /* CapstoneTrailTests.swift */ = {isa = PBXFileReference; lastKnownFileType = sourcecode.swift; path = CapstoneTrailTests.swift; sourceTree = "<group>"; };
		B66C871A5CCAF5C836061916 /* Info.plist */ = {isa = PBXFileReference; lastKnownFileType = text.plist.info; path = Info.plist; sourceTree = "<group>"; };
		B66C88010C9CFE43488BA299 /* Base */ = {isa = PBXFileReference; lastKnownFileType = file.storyboard; name = Base; path = Base.lproj/LaunchScreen.storyboard; sourceTree = "<group>"; };
		B66C8A40A20620D47441B827 /* Base */ = {isa = PBXFileReference; lastKnownFileType = file.storyboard; name = Base; path = Base.lproj/Main.storyboard; sourceTree = "<group>"; };
		B66C8A82BC1ABAFB0F9D0E10 /* AppDelegate.swift */ = {isa = PBXFileReference; lastKnownFileType = sourcecode.swift; path = AppDelegate.swift; sourceTree = "<group>"; };
		B66C8C866F8BFE32C7F9EDC4 /* Localizable.strings */ = {isa = PBXFileReference; fileEncoding = 4; lastKnownFileType = text.plist.strings; path = Localizable.strings; sourceTree = "<group>"; };
		B66C8E354790C98D3CD7CB58 /* Info.plist */ = {isa = PBXFileReference; lastKnownFileType = text.plist.info; path = Info.plist; sourceTree = "<group>"; };
		B66C8ED1AC2F1ED2E055EB2F /* CapstoneTrailTests.xctest */ = {isa = PBXFileReference; explicitFileType = wrapper.cfbundle; includeInIndex = 0; path = CapstoneTrailTests.xctest; sourceTree = BUILT_PRODUCTS_DIR; };
		B66C8FBBF8B0676832E26E83 /* CapstoneTrail.app */ = {isa = PBXFileReference; explicitFileType = wrapper.application; includeInIndex = 0; path = CapstoneTrail.app; sourceTree = BUILT_PRODUCTS_DIR; };
		B66C8FFA2195697D1BA6415F /* Images.xcassets */ = {isa = PBXFileReference; lastKnownFileType = folder.assetcatalog; path = Images.xcassets; sourceTree = "<group>"; };
		B84E3F6471D45FB5637C3E7E /* Pods_CapstoneTrailTests.framework */ = {isa = PBXFileReference; explicitFileType = wrapper.framework; includeInIndex = 0; path = Pods_CapstoneTrailTests.framework; sourceTree = BUILT_PRODUCTS_DIR; };
		C1FA64D3EB2D622B0A7EC696 /* Pods_CapstoneTrail.framework */ = {isa = PBXFileReference; explicitFileType = wrapper.framework; includeInIndex = 0; path = Pods_CapstoneTrail.framework; sourceTree = BUILT_PRODUCTS_DIR; };
		D21BE53B1E5FCB0C006D05C4 /* Friend.storyboard */ = {isa = PBXFileReference; fileEncoding = 4; lastKnownFileType = file.storyboard; path = Friend.storyboard; sourceTree = "<group>"; };
		D21BE53C1E5FCB0C006D05C4 /* FriendViewController.swift */ = {isa = PBXFileReference; fileEncoding = 4; lastKnownFileType = sourcecode.swift; path = FriendViewController.swift; sourceTree = "<group>"; };
		D21BE53D1E5FCB0C006D05C4 /* Friend.swift */ = {isa = PBXFileReference; fileEncoding = 4; lastKnownFileType = sourcecode.swift; path = Friend.swift; sourceTree = "<group>"; };
		D21BE53E1E5FCB0C006D05C4 /* PeopleViewController.swift */ = {isa = PBXFileReference; fileEncoding = 4; lastKnownFileType = sourcecode.swift; path = PeopleViewController.swift; sourceTree = "<group>"; };
		D21BE53F1E5FCB0C006D05C4 /* People.storyboard */ = {isa = PBXFileReference; fileEncoding = 4; lastKnownFileType = file.storyboard; path = People.storyboard; sourceTree = "<group>"; };
		D21BE5451E5FCB30006D05C4 /* UIImageExtension.swift */ = {isa = PBXFileReference; fileEncoding = 4; lastKnownFileType = sourcecode.swift; path = UIImageExtension.swift; sourceTree = "<group>"; };
		D21BE5461E5FCB30006D05C4 /* StringExtension.swift */ = {isa = PBXFileReference; fileEncoding = 4; lastKnownFileType = sourcecode.swift; path = StringExtension.swift; sourceTree = "<group>"; };
		D21BE5491E5FCB42006D05C4 /* WalkingShedule.swift */ = {isa = PBXFileReference; fileEncoding = 4; lastKnownFileType = sourcecode.swift; path = WalkingShedule.swift; sourceTree = "<group>"; };
		D21BE54A1E5FCB42006D05C4 /* WalkingSchedule.storyboard */ = {isa = PBXFileReference; fileEncoding = 4; lastKnownFileType = file.storyboard; path = WalkingSchedule.storyboard; sourceTree = "<group>"; };
		D21BE54B1E5FCB42006D05C4 /* WalkingScheduleViewController.swift */ = {isa = PBXFileReference; fileEncoding = 4; lastKnownFileType = sourcecode.swift; path = WalkingScheduleViewController.swift; sourceTree = "<group>"; };
		D24784471E4A8C7A00A0AFCF /* GoogleService-Info.plist */ = {isa = PBXFileReference; fileEncoding = 4; lastKnownFileType = text.plist.xml; path = "GoogleService-Info.plist"; sourceTree = "<group>"; };
		D24784491E4A8D5E00A0AFCF /* LoginController.swift */ = {isa = PBXFileReference; fileEncoding = 4; lastKnownFileType = sourcecode.swift; path = LoginController.swift; sourceTree = "<group>"; };
		D2A6FACC1E4A863E00F7AB22 /* CapstoneTrail.entitlements */ = {isa = PBXFileReference; lastKnownFileType = text.plist.entitlements; path = CapstoneTrail.entitlements; sourceTree = "<group>"; };
/* End PBXFileReference section */

/* Begin PBXFrameworksBuildPhase section */
		B66C8B0733D7AE68CECEAF12 /* Frameworks */ = {
			isa = PBXFrameworksBuildPhase;
			buildActionMask = 2147483647;
			files = (
				A900F3511E4A075A00556D79 /* MapKit.framework in Frameworks */,
				65E7EEE2D0A127F42608855C /* Pods_CapstoneTrail.framework in Frameworks */,
			);
			runOnlyForDeploymentPostprocessing = 0;
		};
		B66C8DBD51FA30BBF7F2D14C /* Frameworks */ = {
			isa = PBXFrameworksBuildPhase;
			buildActionMask = 2147483647;
			files = (
				F3A5266CCD7930CF069AECDD /* Pods_CapstoneTrailTests.framework in Frameworks */,
			);
			runOnlyForDeploymentPostprocessing = 0;
		};
/* End PBXFrameworksBuildPhase section */

/* Begin PBXGroup section */
		4423ED101E50E6FF00344B6D /* HikeGroup */ = {
			isa = PBXGroup;
			children = (
				44F5B7311E63176F007C7B97 /* JoinAppInvitation.swift */,
				448C10FB1E5B639200BE9123 /* DAL */,
				449ACFCD1E565E5D00B84118 /* AddGroup */,
				4423ED111E50E72700344B6D /* HikeGroup.storyboard */,
				449ACFCB1E56216600B84118 /* HikeGroupViewController.swift */,
				447F49A01E5AC4BE0028282D /* GroupProfileViewController.swift */,
				44F136731E62277500E3747C /* GroupListViewCell.swift */,
			);
			name = HikeGroup;
			sourceTree = "<group>";
		};
		44385C061E5CE1E90095F2B0 /* Schedule */ = {
			isa = PBXGroup;
			children = (
				44385C071E5CE30B0095F2B0 /* Schedule.storyboard */,
				44385C091E5CE3430095F2B0 /* ScheduleListController.swift */,
				44385C0B1E5CEFB20095F2B0 /* ScheduleViewCell.swift */,
				44385C0D1E5CF27E0095F2B0 /* ScheduleProfileController.swift */,
				4434BD061E5D5B8B008692B8 /* mailFriend.swift */,
				44967C951E5D69E700086030 /* friendIvCell.swift */,
			);
			path = Schedule;
			sourceTree = "<group>";
		};
		446087791E4E11CD007A8BE0 /* User */ = {
			isa = PBXGroup;
			children = (
				44F5B72E1E631648007C7B97 /* Settings */,
				446087801E4E1771007A8BE0 /* SignIn.storyboard */,
				4460877B1E4E124D007A8BE0 /* SignIn */,
				4460877A1E4E11FB007A8BE0 /* SignUp */,
				44F136711E62087600E3747C /* UserProfileViewController.swift */,
			);
			path = User;
			sourceTree = "<group>";
		};
		4460877A1E4E11FB007A8BE0 /* SignUp */ = {
			isa = PBXGroup;
			children = (
				4460877E1E4E1456007A8BE0 /* CreateAccountViewController.swift */,
			);
			path = SignUp;
			sourceTree = "<group>";
		};
		4460877B1E4E124D007A8BE0 /* SignIn */ = {
			isa = PBXGroup;
			children = (
				446087771E4E116A007A8BE0 /* User.swift */,
				446087731E4E1149007A8BE0 /* LoginViewController.swift */,
				446087751E4E115D007A8BE0 /* UserLogin.swift */,
			);
			path = SignIn;
			sourceTree = "<group>";
		};
		446087871E4E285D007A8BE0 /* DashBoard */ = {
			isa = PBXGroup;
			children = (
				4460878C1E4E2C96007A8BE0 /* DashBoard.storyboard */,
				449ACFD41E58758900B84118 /* DashBoardViewController.swift */,
			);
			path = DashBoard;
			sourceTree = "<group>";
		};
		448C10FB1E5B639200BE9123 /* DAL */ = {
			isa = PBXGroup;
			children = (
				448C11001E5B64B300BE9123 /* GroupModel.swift */,
				448C10FE1E5B648A00BE9123 /* GroupDBController.swift */,
			);
			name = DAL;
			path = HikeGroup/DAL;
			sourceTree = "<group>";
		};
		449ACFCD1E565E5D00B84118 /* AddGroup */ = {
			isa = PBXGroup;
			children = (
				449ACFCE1E565ED300B84118 /* CreateGroupViewController.swift */,
				44385C001E5BCFE10095F2B0 /* CustomTableViewCell.swift */,
				44385C021E5BD2790095F2B0 /* inviteFriendsController.swift */,
				44385C041E5BD50C0095F2B0 /* ViewFriendViewController.swift */,
			);
			name = AddGroup;
			path = HikeGroup/AddGroup;
			sourceTree = "<group>";
		};
		44F5B72E1E631648007C7B97 /* Settings */ = {
			isa = PBXGroup;
			children = (
				44F5B72F1E63166E007C7B97 /* SettingsController.swift */,
				44F5B7331E6318C5007C7B97 /* SettingCellController.swift */,
			);
			name = Settings;
			sourceTree = "<group>";
		};
		A900F34F1E4A075A00556D79 /* Frameworks */ = {
			isa = PBXGroup;
			children = (
				A900F3501E4A075A00556D79 /* MapKit.framework */,
				C1FA64D3EB2D622B0A7EC696 /* Pods_CapstoneTrail.framework */,
				B84E3F6471D45FB5637C3E7E /* Pods_CapstoneTrailTests.framework */,
			);
			name = Frameworks;
			sourceTree = "<group>";
		};
		A900F3521E4A077400556D79 /* Features */ = {
			isa = PBXGroup;
			children = (
				44385C061E5CE1E90095F2B0 /* Schedule */,
				D21BE53A1E5FCAC6006D05C4 /* Walking Schedule */,
				D21BE5391E5FCABA006D05C4 /* Helper */,
				D21BE5381E5FCAB4006D05C4 /* Friend */,
				4423ED101E50E6FF00344B6D /* HikeGroup */,
				446087871E4E285D007A8BE0 /* DashBoard */,
				446087791E4E11CD007A8BE0 /* User */,
				D23B65791E4A7CE100957B1E /* LoginDemo */,
				A900F3531E4A077B00556D79 /* Main */,
			);
			path = Features;
			sourceTree = "<group>";
		};
		A900F3531E4A077B00556D79 /* Main */ = {
			isa = PBXGroup;
			children = (
				B66C8A82BC1ABAFB0F9D0E10 /* AppDelegate.swift */,
				B66C80D3D9049E6DECDBF27F /* ViewController.swift */,
				B66C82EA8971FB9C46435BE3 /* LaunchScreen.storyboard */,
				B66C842C3146213CC47FE05D /* Main.storyboard */,
			);
			path = Main;
			sourceTree = "<group>";
		};
		A900F3541E4A07A000556D79 /* Assets */ = {
			isa = PBXGroup;
			children = (
				B66C8FFA2195697D1BA6415F /* Images.xcassets */,
				B66C8C866F8BFE32C7F9EDC4 /* Localizable.strings */,
			);
			path = Assets;
			sourceTree = "<group>";
		};
		A900F3551E4A07B200556D79 /* Config */ = {
			isa = PBXGroup;
			children = (
				A905D8F11E4A095800681486 /* Credentials */,
				B66C871A5CCAF5C836061916 /* Info.plist */,
				D24784471E4A8C7A00A0AFCF /* GoogleService-Info.plist */,
			);
			path = Config;
			sourceTree = "<group>";
		};
		A905D8F11E4A095800681486 /* Credentials */ = {
			isa = PBXGroup;
			children = (
				A9FB931F1E4A0C210053F6E3 /* APIKeys.plist */,
			);
			path = Credentials;
			sourceTree = "<group>";
		};
		B66C811D063DF5892D42683B /* CapstoneTrail */ = {
			isa = PBXGroup;
			children = (
				D2A6FACC1E4A863E00F7AB22 /* CapstoneTrail.entitlements */,
				A900F3521E4A077400556D79 /* Features */,
				A900F3541E4A07A000556D79 /* Assets */,
				A900F3551E4A07B200556D79 /* Config */,
			);
			path = CapstoneTrail;
			sourceTree = "<group>";
		};
		B66C87F9A8B3864D04D7DCDE /* CapstoneTrailTests */ = {
			isa = PBXGroup;
			children = (
				B66C8E354790C98D3CD7CB58 /* Info.plist */,
				B66C82FB63F731C6D50BC7ED /* CapstoneTrailTests.swift */,
			);
			path = CapstoneTrailTests;
			sourceTree = "<group>";
		};
		B66C8B1E34F48D6454107314 /* Products */ = {
			isa = PBXGroup;
			children = (
				B66C8FBBF8B0676832E26E83 /* CapstoneTrail.app */,
				B66C8ED1AC2F1ED2E055EB2F /* CapstoneTrailTests.xctest */,
			);
			name = Products;
			sourceTree = "<group>";
		};
		B66C8BC26AE95B2C75C578E8 = {
			isa = PBXGroup;
			children = (
				A9FB931D1E4A0BBA0053F6E3 /* README.md */,
				B66C8B1E34F48D6454107314 /* Products */,
				B66C811D063DF5892D42683B /* CapstoneTrail */,
				B66C87F9A8B3864D04D7DCDE /* CapstoneTrailTests */,
				A900F34F1E4A075A00556D79 /* Frameworks */,
				EBAE0BBC5398A07AF3F2ED75 /* Pods */,
			);
			sourceTree = "<group>";
		};
		D21BE5381E5FCAB4006D05C4 /* Friend */ = {
			isa = PBXGroup;
			children = (
				D21BE53B1E5FCB0C006D05C4 /* Friend.storyboard */,
				D21BE53C1E5FCB0C006D05C4 /* FriendViewController.swift */,
				D21BE53D1E5FCB0C006D05C4 /* Friend.swift */,
				D21BE53E1E5FCB0C006D05C4 /* PeopleViewController.swift */,
				D21BE53F1E5FCB0C006D05C4 /* People.storyboard */,
			);
			path = Friend;
			sourceTree = "<group>";
		};
		D21BE5391E5FCABA006D05C4 /* Helper */ = {
			isa = PBXGroup;
			children = (
				D21BE5451E5FCB30006D05C4 /* UIImageExtension.swift */,
				D21BE5461E5FCB30006D05C4 /* StringExtension.swift */,
			);
			path = Helper;
			sourceTree = "<group>";
		};
		D21BE53A1E5FCAC6006D05C4 /* Walking Schedule */ = {
			isa = PBXGroup;
			children = (
				D21BE5491E5FCB42006D05C4 /* WalkingShedule.swift */,
				D21BE54A1E5FCB42006D05C4 /* WalkingSchedule.storyboard */,
				D21BE54B1E5FCB42006D05C4 /* WalkingScheduleViewController.swift */,
			);
			path = "Walking Schedule";
			sourceTree = "<group>";
		};
		D23B65791E4A7CE100957B1E /* LoginDemo */ = {
			isa = PBXGroup;
			children = (
				D24784491E4A8D5E00A0AFCF /* LoginController.swift */,
			);
			name = LoginDemo;
			sourceTree = "<group>";
		};
		EBAE0BBC5398A07AF3F2ED75 /* Pods */ = {
			isa = PBXGroup;
			children = (
				93C0CBAFEF495B65F5778885 /* Pods-CapstoneTrail.debug.xcconfig */,
				1D6EA5CAAD52FAA0D9CDCCDE /* Pods-CapstoneTrail.release.xcconfig */,
				85BDD1C74E4267286E511B7F /* Pods-CapstoneTrailTests.debug.xcconfig */,
				2731D46A09543C153A6C31D3 /* Pods-CapstoneTrailTests.release.xcconfig */,
			);
			name = Pods;
			sourceTree = "<group>";
		};
/* End PBXGroup section */

/* Begin PBXNativeTarget section */
		B66C851B8F4D4BFBD3E468CA /* CapstoneTrailTests */ = {
			isa = PBXNativeTarget;
			buildConfigurationList = B66C8D8B4EC01179AF6AE852 /* Build configuration list for PBXNativeTarget "CapstoneTrailTests" */;
			buildPhases = (
				D4012BF6E8017840B1C40C95 /* [CP] Check Pods Manifest.lock */,
				B66C8128E698D7A1D8D912CA /* Sources */,
				B66C8DBD51FA30BBF7F2D14C /* Frameworks */,
				B66C85BB0B303F22C07048A6 /* Resources */,
				D95A69E539E8CFDA78C6E803 /* [CP] Embed Pods Frameworks */,
				F0E09BA2C6E4C550497C9F81 /* [CP] Copy Pods Resources */,
			);
			buildRules = (
			);
			dependencies = (
				B66C8AB241181F2382E5EB8E /* PBXTargetDependency */,
			);
			name = CapstoneTrailTests;
			productName = CapstoneTrailTests;
			productReference = B66C8ED1AC2F1ED2E055EB2F /* CapstoneTrailTests.xctest */;
			productType = "com.apple.product-type.bundle.unit-test";
		};
		B66C85B253DA11D131100BD0 /* CapstoneTrail */ = {
			isa = PBXNativeTarget;
			buildConfigurationList = B66C89D3945F7A4D333F7D9A /* Build configuration list for PBXNativeTarget "CapstoneTrail" */;
			buildPhases = (
				E5295B2E750B5F8848B35D02 /* [CP] Check Pods Manifest.lock */,
				B66C873BF5A6B2F8D8C2E69A /* Sources */,
				B66C8B0733D7AE68CECEAF12 /* Frameworks */,
				B66C8AE536CD8997B98C4BEF /* Resources */,
				5AFE9F6D3C4CB4834E92E40A /* [CP] Embed Pods Frameworks */,
				902574AD668CAC4193A6D7A0 /* [CP] Copy Pods Resources */,
			);
			buildRules = (
			);
			dependencies = (
			);
			name = CapstoneTrail;
			productName = CapstoneTrail;
			productReference = B66C8FBBF8B0676832E26E83 /* CapstoneTrail.app */;
			productType = "com.apple.product-type.application";
		};
/* End PBXNativeTarget section */

/* Begin PBXProject section */
		B66C8B94777728DFEB7964D7 /* Project object */ = {
			isa = PBXProject;
			attributes = {
				LastUpgradeCheck = 0820;
				ORGANIZATIONNAME = MSD;
				TargetAttributes = {
					B66C85B253DA11D131100BD0 = {
						DevelopmentTeam = 9Y6FHV2RR7;
						SystemCapabilities = {
							com.apple.Keychain = {
								enabled = 1;
							};
							com.apple.Maps.iOS = {
								enabled = 1;
							};
						};
					};
				};
			};
			buildConfigurationList = B66C8ABAA81C27D30BB52528 /* Build configuration list for PBXProject "CapstoneTrail" */;
			compatibilityVersion = "Xcode 3.2";
			developmentRegion = English;
			hasScannedForEncodings = 0;
			knownRegions = (
				en,
			);
			mainGroup = B66C8BC26AE95B2C75C578E8;
			productRefGroup = B66C8B1E34F48D6454107314 /* Products */;
			projectDirPath = "";
			projectRoot = "";
			targets = (
				B66C85B253DA11D131100BD0 /* CapstoneTrail */,
				B66C851B8F4D4BFBD3E468CA /* CapstoneTrailTests */,
			);
		};
/* End PBXProject section */

/* Begin PBXResourcesBuildPhase section */
		B66C85BB0B303F22C07048A6 /* Resources */ = {
			isa = PBXResourcesBuildPhase;
			buildActionMask = 2147483647;
			files = (
			);
			runOnlyForDeploymentPostprocessing = 0;
		};
		B66C8AE536CD8997B98C4BEF /* Resources */ = {
			isa = PBXResourcesBuildPhase;
			buildActionMask = 2147483647;
			files = (
				B66C8E1A7401C833BE35C2A3 /* Images.xcassets in Resources */,
				A9FB93201E4A0C210053F6E3 /* APIKeys.plist in Resources */,
				D21BE5401E5FCB0C006D05C4 /* Friend.storyboard in Resources */,
				B66C875384EF1325BC0D7110 /* LaunchScreen.storyboard in Resources */,
				D21BE5441E5FCB0C006D05C4 /* People.storyboard in Resources */,
				4460878D1E4E2C96007A8BE0 /* DashBoard.storyboard in Resources */,
				4423ED121E50E72700344B6D /* HikeGroup.storyboard in Resources */,
				B66C8A93363E18079BF25D47 /* Main.storyboard in Resources */,
				B66C8E8C8FFE2F1F9BB34360 /* Localizable.strings in Resources */,
				446087811E4E1771007A8BE0 /* SignIn.storyboard in Resources */,
				D24784481E4A8C7A00A0AFCF /* GoogleService-Info.plist in Resources */,
				44385C081E5CE30B0095F2B0 /* Schedule.storyboard in Resources */,
				D21BE54D1E5FCB42006D05C4 /* WalkingSchedule.storyboard in Resources */,
			);
			runOnlyForDeploymentPostprocessing = 0;
		};
/* End PBXResourcesBuildPhase section */

/* Begin PBXShellScriptBuildPhase section */
		5AFE9F6D3C4CB4834E92E40A /* [CP] Embed Pods Frameworks */ = {
			isa = PBXShellScriptBuildPhase;
			buildActionMask = 2147483647;
			files = (
			);
			inputPaths = (
			);
			name = "[CP] Embed Pods Frameworks";
			outputPaths = (
			);
			runOnlyForDeploymentPostprocessing = 0;
			shellPath = /bin/sh;
			shellScript = "\"${SRCROOT}/Pods/Target Support Files/Pods-CapstoneTrail/Pods-CapstoneTrail-frameworks.sh\"\n";
			showEnvVarsInLog = 0;
		};
		902574AD668CAC4193A6D7A0 /* [CP] Copy Pods Resources */ = {
			isa = PBXShellScriptBuildPhase;
			buildActionMask = 2147483647;
			files = (
			);
			inputPaths = (
			);
			name = "[CP] Copy Pods Resources";
			outputPaths = (
			);
			runOnlyForDeploymentPostprocessing = 0;
			shellPath = /bin/sh;
			shellScript = "\"${SRCROOT}/Pods/Target Support Files/Pods-CapstoneTrail/Pods-CapstoneTrail-resources.sh\"\n";
			showEnvVarsInLog = 0;
		};
		D4012BF6E8017840B1C40C95 /* [CP] Check Pods Manifest.lock */ = {
			isa = PBXShellScriptBuildPhase;
			buildActionMask = 2147483647;
			files = (
			);
			inputPaths = (
			);
			name = "[CP] Check Pods Manifest.lock";
			outputPaths = (
			);
			runOnlyForDeploymentPostprocessing = 0;
			shellPath = /bin/sh;
			shellScript = "diff \"${PODS_ROOT}/../Podfile.lock\" \"${PODS_ROOT}/Manifest.lock\" > /dev/null\nif [ $? != 0 ] ; then\n    # print error to STDERR\n    echo \"error: The sandbox is not in sync with the Podfile.lock. Run 'pod install' or update your CocoaPods installation.\" >&2\n    exit 1\nfi\n";
			showEnvVarsInLog = 0;
		};
		D95A69E539E8CFDA78C6E803 /* [CP] Embed Pods Frameworks */ = {
			isa = PBXShellScriptBuildPhase;
			buildActionMask = 2147483647;
			files = (
			);
			inputPaths = (
			);
			name = "[CP] Embed Pods Frameworks";
			outputPaths = (
			);
			runOnlyForDeploymentPostprocessing = 0;
			shellPath = /bin/sh;
			shellScript = "\"${SRCROOT}/Pods/Target Support Files/Pods-CapstoneTrailTests/Pods-CapstoneTrailTests-frameworks.sh\"\n";
			showEnvVarsInLog = 0;
		};
		E5295B2E750B5F8848B35D02 /* [CP] Check Pods Manifest.lock */ = {
			isa = PBXShellScriptBuildPhase;
			buildActionMask = 2147483647;
			files = (
			);
			inputPaths = (
			);
			name = "[CP] Check Pods Manifest.lock";
			outputPaths = (
			);
			runOnlyForDeploymentPostprocessing = 0;
			shellPath = /bin/sh;
			shellScript = "diff \"${PODS_ROOT}/../Podfile.lock\" \"${PODS_ROOT}/Manifest.lock\" > /dev/null\nif [ $? != 0 ] ; then\n    # print error to STDERR\n    echo \"error: The sandbox is not in sync with the Podfile.lock. Run 'pod install' or update your CocoaPods installation.\" >&2\n    exit 1\nfi\n";
			showEnvVarsInLog = 0;
		};
		F0E09BA2C6E4C550497C9F81 /* [CP] Copy Pods Resources */ = {
			isa = PBXShellScriptBuildPhase;
			buildActionMask = 2147483647;
			files = (
			);
			inputPaths = (
			);
			name = "[CP] Copy Pods Resources";
			outputPaths = (
			);
			runOnlyForDeploymentPostprocessing = 0;
			shellPath = /bin/sh;
			shellScript = "\"${SRCROOT}/Pods/Target Support Files/Pods-CapstoneTrailTests/Pods-CapstoneTrailTests-resources.sh\"\n";
			showEnvVarsInLog = 0;
		};
/* End PBXShellScriptBuildPhase section */

/* Begin PBXSourcesBuildPhase section */
		B66C8128E698D7A1D8D912CA /* Sources */ = {
			isa = PBXSourcesBuildPhase;
			buildActionMask = 2147483647;
			files = (
				B66C886F4E9D6EB703C4E2EF /* CapstoneTrailTests.swift in Sources */,
			);
			runOnlyForDeploymentPostprocessing = 0;
		};
		B66C873BF5A6B2F8D8C2E69A /* Sources */ = {
			isa = PBXSourcesBuildPhase;
			buildActionMask = 2147483647;
			files = (
				44F136721E62087600E3747C /* UserProfileViewController.swift in Sources */,
				A9FB931E1E4A0BBA0053F6E3 /* README.md in Sources */,
				449ACFD51E58758900B84118 /* DashBoardViewController.swift in Sources */,
				44385C0C1E5CEFB20095F2B0 /* ScheduleViewCell.swift in Sources */,
				D21BE54E1E5FCB42006D05C4 /* WalkingScheduleViewController.swift in Sources */,
				44F5B7341E6318C5007C7B97 /* SettingCellController.swift in Sources */,
				A9FB931E1E4A0BBA0053F6E3 /* README.md in Sources */,
				D21BE5471E5FCB30006D05C4 /* UIImageExtension.swift in Sources */,
				D247844A1E4A8D5E00A0AFCF /* LoginController.swift in Sources */,
				446087761E4E115D007A8BE0 /* UserLogin.swift in Sources */,
				44385C031E5BD2790095F2B0 /* inviteFriendsController.swift in Sources */,
				B66C828D90807E4B30E4188C /* AppDelegate.swift in Sources */,
				4460877F1E4E1456007A8BE0 /* CreateAccountViewController.swift in Sources */,
				448C10FF1E5B648A00BE9123 /* GroupDBController.swift in Sources */,
				4434BD071E5D5B8B008692B8 /* mailFriend.swift in Sources */,
				44385C051E5BD50C0095F2B0 /* ViewFriendViewController.swift in Sources */,
				44385C011E5BCFE10095F2B0 /* CustomTableViewCell.swift in Sources */,
				44385C0A1E5CE3430095F2B0 /* ScheduleListController.swift in Sources */,
				44385C0E1E5CF27E0095F2B0 /* ScheduleProfileController.swift in Sources */,
				44F136741E62277500E3747C /* GroupListViewCell.swift in Sources */,
				D21BE54C1E5FCB42006D05C4 /* WalkingShedule.swift in Sources */,
				D21BE5411E5FCB0C006D05C4 /* FriendViewController.swift in Sources */,
				D21BE5431E5FCB0C006D05C4 /* PeopleViewController.swift in Sources */,
				446087741E4E1149007A8BE0 /* LoginViewController.swift in Sources */,
				447F49A11E5AC4BE0028282D /* GroupProfileViewController.swift in Sources */,
				449ACFCF1E565ED300B84118 /* CreateGroupViewController.swift in Sources */,
				448C11011E5B64B300BE9123 /* GroupModel.swift in Sources */,
				44967C961E5D69E700086030 /* friendIvCell.swift in Sources */,
				44F5B7301E63166E007C7B97 /* SettingsController.swift in Sources */,
				449ACFCC1E56216600B84118 /* HikeGroupViewController.swift in Sources */,
				B66C8CB60CD0DB584DAD522E /* ViewController.swift in Sources */,
				D21BE5481E5FCB30006D05C4 /* StringExtension.swift in Sources */,
				446087781E4E116A007A8BE0 /* User.swift in Sources */,
				44F5B7321E63176F007C7B97 /* JoinAppInvitation.swift in Sources */,
				D21BE5421E5FCB0C006D05C4 /* Friend.swift in Sources */,
			);
			runOnlyForDeploymentPostprocessing = 0;
		};
/* End PBXSourcesBuildPhase section */

/* Begin PBXTargetDependency section */
		B66C8AB241181F2382E5EB8E /* PBXTargetDependency */ = {
			isa = PBXTargetDependency;
			target = B66C85B253DA11D131100BD0 /* CapstoneTrail */;
			targetProxy = B66C8442E5EE6A3F79FDCC78 /* PBXContainerItemProxy */;
		};
/* End PBXTargetDependency section */

/* Begin PBXVariantGroup section */
		B66C82EA8971FB9C46435BE3 /* LaunchScreen.storyboard */ = {
			isa = PBXVariantGroup;
			children = (
				B66C88010C9CFE43488BA299 /* Base */,
			);
			name = LaunchScreen.storyboard;
			sourceTree = "<group>";
		};
		B66C842C3146213CC47FE05D /* Main.storyboard */ = {
			isa = PBXVariantGroup;
			children = (
				B66C8A40A20620D47441B827 /* Base */,
			);
			name = Main.storyboard;
			sourceTree = "<group>";
		};
/* End PBXVariantGroup section */

/* Begin XCBuildConfiguration section */
		B66C86EFEA5EF21AA7CBBC33 /* Debug */ = {
			isa = XCBuildConfiguration;
			baseConfigurationReference = 85BDD1C74E4267286E511B7F /* Pods-CapstoneTrailTests.debug.xcconfig */;
			buildSettings = {
				BUNDLE_LOADER = "$(BUILT_PRODUCTS_DIR)/CapstoneTrail.app/CapstoneTrail";
				INFOPLIST_FILE = CapstoneTrailTests/Info.plist;
				LD_RUNPATH_SEARCH_PATHS = "$(inherited) @executable_path/Frameworks @loader_path/Frameworks";
				PRODUCT_BUNDLE_IDENTIFIER = conestogac.msd.CapstoneTrailTests;
				PRODUCT_NAME = "$(TARGET_NAME)";
				SWIFT_VERSION = 3.0;
				TEST_HOST = "$(BUNDLE_LOADER)";
			};
			name = Debug;
		};
		B66C8750B79A91BC80635776 /* Debug */ = {
			isa = XCBuildConfiguration;
			baseConfigurationReference = 93C0CBAFEF495B65F5778885 /* Pods-CapstoneTrail.debug.xcconfig */;
			buildSettings = {
				ASSETCATALOG_COMPILER_APPICON_NAME = AppIcon;
				CODE_SIGN_ENTITLEMENTS = CapstoneTrail/CapstoneTrail.entitlements;
				DEVELOPMENT_TEAM = 9Y6FHV2RR7;
				INFOPLIST_FILE = CapstoneTrail/Config/Info.plist;
				IPHONEOS_DEPLOYMENT_TARGET = 10.0;
				LD_RUNPATH_SEARCH_PATHS = "$(inherited) @executable_path/Frameworks";
				PRODUCT_BUNDLE_IDENTIFIER = conestogac.msd.CapstoneTrailx;
				PRODUCT_NAME = "$(TARGET_NAME)";
				SWIFT_VERSION = 3.0;
			};
			name = Debug;
		};
		B66C88232DEC15C396B31EB2 /* Debug */ = {
			isa = XCBuildConfiguration;
			buildSettings = {
				ALWAYS_SEARCH_USER_PATHS = NO;
				CLANG_ANALYZER_NONNULL = YES;
				CLANG_CXX_LANGUAGE_STANDARD = "gnu++0x";
				CLANG_CXX_LIBRARY = "libc++";
				CLANG_ENABLE_MODULES = YES;
				CLANG_ENABLE_OBJC_ARC = YES;
				CLANG_WARN_BOOL_CONVERSION = YES;
				CLANG_WARN_CONSTANT_CONVERSION = YES;
				CLANG_WARN_DIRECT_OBJC_ISA_USAGE = YES_ERROR;
				CLANG_WARN_DOCUMENTATION_COMMENTS = YES;
				CLANG_WARN_EMPTY_BODY = YES;
				CLANG_WARN_ENUM_CONVERSION = YES;
				CLANG_WARN_INFINITE_RECURSION = YES;
				CLANG_WARN_INT_CONVERSION = YES;
				CLANG_WARN_OBJC_ROOT_CLASS = YES_ERROR;
				CLANG_WARN_SUSPICIOUS_MOVE = YES;
				CLANG_WARN_UNREACHABLE_CODE = YES;
				CLANG_WARN__DUPLICATE_METHOD_MATCH = YES;
				"CODE_SIGN_IDENTITY[sdk=iphoneos*]" = "iPhone Developer";
				COPY_PHASE_STRIP = NO;
				DEBUG_INFORMATION_FORMAT = dwarf;
				ENABLE_STRICT_OBJC_MSGSEND = YES;
				ENABLE_TESTABILITY = YES;
				GCC_C_LANGUAGE_STANDARD = gnu99;
				GCC_DYNAMIC_NO_PIC = NO;
				GCC_NO_COMMON_BLOCKS = YES;
				GCC_OPTIMIZATION_LEVEL = 0;
				GCC_PREPROCESSOR_DEFINITIONS = (
					"DEBUG=1",
					"$(inherited)",
				);
				GCC_WARN_64_TO_32_BIT_CONVERSION = YES;
				GCC_WARN_ABOUT_RETURN_TYPE = YES_ERROR;
				GCC_WARN_UNDECLARED_SELECTOR = YES;
				GCC_WARN_UNINITIALIZED_AUTOS = YES_AGGRESSIVE;
				GCC_WARN_UNUSED_FUNCTION = YES;
				GCC_WARN_UNUSED_VARIABLE = YES;
				IPHONEOS_DEPLOYMENT_TARGET = 10.0;
				MTL_ENABLE_DEBUG_INFO = YES;
				ONLY_ACTIVE_ARCH = YES;
				SDKROOT = iphoneos;
				SWIFT_ACTIVE_COMPILATION_CONDITIONS = DEBUG;
				SWIFT_OPTIMIZATION_LEVEL = "-Onone";
			};
			name = Debug;
		};
		B66C8C1D2A8AB101C98D4906 /* Release */ = {
			isa = XCBuildConfiguration;
			buildSettings = {
				ALWAYS_SEARCH_USER_PATHS = NO;
				CLANG_ANALYZER_NONNULL = YES;
				CLANG_CXX_LANGUAGE_STANDARD = "gnu++0x";
				CLANG_CXX_LIBRARY = "libc++";
				CLANG_ENABLE_MODULES = YES;
				CLANG_ENABLE_OBJC_ARC = YES;
				CLANG_WARN_BOOL_CONVERSION = YES;
				CLANG_WARN_CONSTANT_CONVERSION = YES;
				CLANG_WARN_DIRECT_OBJC_ISA_USAGE = YES_ERROR;
				CLANG_WARN_DOCUMENTATION_COMMENTS = YES;
				CLANG_WARN_EMPTY_BODY = YES;
				CLANG_WARN_ENUM_CONVERSION = YES;
				CLANG_WARN_INFINITE_RECURSION = YES;
				CLANG_WARN_INT_CONVERSION = YES;
				CLANG_WARN_OBJC_ROOT_CLASS = YES_ERROR;
				CLANG_WARN_SUSPICIOUS_MOVE = YES;
				CLANG_WARN_UNREACHABLE_CODE = YES;
				CLANG_WARN__DUPLICATE_METHOD_MATCH = YES;
				"CODE_SIGN_IDENTITY[sdk=iphoneos*]" = "iPhone Developer";
				COPY_PHASE_STRIP = NO;
				DEBUG_INFORMATION_FORMAT = "dwarf-with-dsym";
				ENABLE_NS_ASSERTIONS = NO;
				ENABLE_STRICT_OBJC_MSGSEND = YES;
				GCC_C_LANGUAGE_STANDARD = gnu99;
				GCC_NO_COMMON_BLOCKS = YES;
				GCC_WARN_64_TO_32_BIT_CONVERSION = YES;
				GCC_WARN_ABOUT_RETURN_TYPE = YES_ERROR;
				GCC_WARN_UNDECLARED_SELECTOR = YES;
				GCC_WARN_UNINITIALIZED_AUTOS = YES_AGGRESSIVE;
				GCC_WARN_UNUSED_FUNCTION = YES;
				GCC_WARN_UNUSED_VARIABLE = YES;
				IPHONEOS_DEPLOYMENT_TARGET = 10.0;
				MTL_ENABLE_DEBUG_INFO = NO;
				SDKROOT = iphoneos;
				SWIFT_OPTIMIZATION_LEVEL = "-Owholemodule";
				VALIDATE_PRODUCT = YES;
			};
			name = Release;
		};
		B66C8D357A6BC7C5E42903EF /* Release */ = {
			isa = XCBuildConfiguration;
			baseConfigurationReference = 2731D46A09543C153A6C31D3 /* Pods-CapstoneTrailTests.release.xcconfig */;
			buildSettings = {
				BUNDLE_LOADER = "$(BUILT_PRODUCTS_DIR)/CapstoneTrail.app/CapstoneTrail";
				INFOPLIST_FILE = CapstoneTrailTests/Info.plist;
				LD_RUNPATH_SEARCH_PATHS = "$(inherited) @executable_path/Frameworks @loader_path/Frameworks";
				PRODUCT_BUNDLE_IDENTIFIER = conestogac.msd.CapstoneTrailTests;
				PRODUCT_NAME = "$(TARGET_NAME)";
				SWIFT_VERSION = 3.0;
				TEST_HOST = "$(BUNDLE_LOADER)";
			};
			name = Release;
		};
		B66C8E9ED0225BAF28E065CB /* Release */ = {
			isa = XCBuildConfiguration;
			baseConfigurationReference = 1D6EA5CAAD52FAA0D9CDCCDE /* Pods-CapstoneTrail.release.xcconfig */;
			buildSettings = {
				ASSETCATALOG_COMPILER_APPICON_NAME = AppIcon;
				CODE_SIGN_ENTITLEMENTS = CapstoneTrail/CapstoneTrail.entitlements;
				DEVELOPMENT_TEAM = 9Y6FHV2RR7;
				INFOPLIST_FILE = CapstoneTrail/Config/Info.plist;
				IPHONEOS_DEPLOYMENT_TARGET = 10.0;
				LD_RUNPATH_SEARCH_PATHS = "$(inherited) @executable_path/Frameworks";
				PRODUCT_BUNDLE_IDENTIFIER = conestogac.msd.CapstoneTrailx;
				PRODUCT_NAME = "$(TARGET_NAME)";
				SWIFT_VERSION = 3.0;
			};
			name = Release;
		};
/* End XCBuildConfiguration section */

/* Begin XCConfigurationList section */
		B66C89D3945F7A4D333F7D9A /* Build configuration list for PBXNativeTarget "CapstoneTrail" */ = {
			isa = XCConfigurationList;
			buildConfigurations = (
				B66C8750B79A91BC80635776 /* Debug */,
				B66C8E9ED0225BAF28E065CB /* Release */,
			);
			defaultConfigurationIsVisible = 0;
			defaultConfigurationName = Release;
		};
		B66C8ABAA81C27D30BB52528 /* Build configuration list for PBXProject "CapstoneTrail" */ = {
			isa = XCConfigurationList;
			buildConfigurations = (
				B66C88232DEC15C396B31EB2 /* Debug */,
				B66C8C1D2A8AB101C98D4906 /* Release */,
			);
			defaultConfigurationIsVisible = 0;
			defaultConfigurationName = Release;
		};
		B66C8D8B4EC01179AF6AE852 /* Build configuration list for PBXNativeTarget "CapstoneTrailTests" */ = {
			isa = XCConfigurationList;
			buildConfigurations = (
				B66C86EFEA5EF21AA7CBBC33 /* Debug */,
				B66C8D357A6BC7C5E42903EF /* Release */,
			);
			defaultConfigurationIsVisible = 0;
			defaultConfigurationName = Release;
		};
/* End XCConfigurationList section */
	};
	rootObject = B66C8B94777728DFEB7964D7 /* Project object */;
}
