// !$*UTF8*$!
{
	archiveVersion = 1;
	classes = {
	};
	objectVersion = 46;
	objects = {

/* Begin PBXBuildFile section */
		440369C21E8E1E81000E6552 /* GroupMembersViewCell.swift in Sources */ = {isa = PBXBuildFile; fileRef = 440369C11E8E1E81000E6552 /* GroupMembersViewCell.swift */; };
		4423ED121E50E72700344B6D /* HikeGroup.storyboard in Resources */ = {isa = PBXBuildFile; fileRef = 4423ED111E50E72700344B6D /* HikeGroup.storyboard */; };
		4434BD071E5D5B8B008692B8 /* mailFriend.swift in Sources */ = {isa = PBXBuildFile; fileRef = 4434BD061E5D5B8B008692B8 /* mailFriend.swift */; };
		44385C011E5BCFE10095F2B0 /* CustomTableViewCell.swift in Sources */ = {isa = PBXBuildFile; fileRef = 44385C001E5BCFE10095F2B0 /* CustomTableViewCell.swift */; };
		44385C031E5BD2790095F2B0 /* AddFriendToGroupsController.swift in Sources */ = {isa = PBXBuildFile; fileRef = 44385C021E5BD2790095F2B0 /* AddFriendToGroupsController.swift */; };
		44385C051E5BD50C0095F2B0 /* ViewFriendViewController.swift in Sources */ = {isa = PBXBuildFile; fileRef = 44385C041E5BD50C0095F2B0 /* ViewFriendViewController.swift */; };
		44385C081E5CE30B0095F2B0 /* Schedule.storyboard in Resources */ = {isa = PBXBuildFile; fileRef = 44385C071E5CE30B0095F2B0 /* Schedule.storyboard */; };
		44385C0A1E5CE3430095F2B0 /* ScheduleListController.swift in Sources */ = {isa = PBXBuildFile; fileRef = 44385C091E5CE3430095F2B0 /* ScheduleListController.swift */; };
		44385C0C1E5CEFB20095F2B0 /* ScheduleViewCell.swift in Sources */ = {isa = PBXBuildFile; fileRef = 44385C0B1E5CEFB20095F2B0 /* ScheduleViewCell.swift */; };
		44385C0E1E5CF27E0095F2B0 /* ScheduleProfileController.swift in Sources */ = {isa = PBXBuildFile; fileRef = 44385C0D1E5CF27E0095F2B0 /* ScheduleProfileController.swift */; };
		446087741E4E1149007A8BE0 /* LoginViewController.swift in Sources */ = {isa = PBXBuildFile; fileRef = 446087731E4E1149007A8BE0 /* LoginViewController.swift */; };
		446087761E4E115D007A8BE0 /* UserLogin.swift in Sources */ = {isa = PBXBuildFile; fileRef = 446087751E4E115D007A8BE0 /* UserLogin.swift */; };
		446087781E4E116A007A8BE0 /* User.swift in Sources */ = {isa = PBXBuildFile; fileRef = 446087771E4E116A007A8BE0 /* User.swift */; };
		4460877F1E4E1456007A8BE0 /* CreateAccountViewController.swift in Sources */ = {isa = PBXBuildFile; fileRef = 4460877E1E4E1456007A8BE0 /* CreateAccountViewController.swift */; };
		446087811E4E1771007A8BE0 /* SignIn.storyboard in Resources */ = {isa = PBXBuildFile; fileRef = 446087801E4E1771007A8BE0 /* SignIn.storyboard */; };
		4460878D1E4E2C96007A8BE0 /* DashBoard.storyboard in Resources */ = {isa = PBXBuildFile; fileRef = 4460878C1E4E2C96007A8BE0 /* DashBoard.storyboard */; };
		4462019C1E728D2C00A4DF42 /* HealthKit.framework in Frameworks */ = {isa = PBXBuildFile; fileRef = 4462019B1E728D2C00A4DF42 /* HealthKit.framework */; };
		4462019F1E7296F300A4DF42 /* ActivityViewController.swift in Sources */ = {isa = PBXBuildFile; fileRef = 4462019E1E7296F300A4DF42 /* ActivityViewController.swift */; };
		446201A31E72AACA00A4DF42 /* Activity.storyboard in Resources */ = {isa = PBXBuildFile; fileRef = 446201A21E72AACA00A4DF42 /* Activity.storyboard */; };
		447F49A11E5AC4BE0028282D /* GroupProfileViewController.swift in Sources */ = {isa = PBXBuildFile; fileRef = 447F49A01E5AC4BE0028282D /* GroupProfileViewController.swift */; };
		448C10FF1E5B648A00BE9123 /* GroupDBController.swift in Sources */ = {isa = PBXBuildFile; fileRef = 448C10FE1E5B648A00BE9123 /* GroupDBController.swift */; };
		448C11011E5B64B300BE9123 /* GroupModel.swift in Sources */ = {isa = PBXBuildFile; fileRef = 448C11001E5B64B300BE9123 /* GroupModel.swift */; };
		44967C961E5D69E700086030 /* friendIvCell.swift in Sources */ = {isa = PBXBuildFile; fileRef = 44967C951E5D69E700086030 /* friendIvCell.swift */; };
		449ACFCC1E56216600B84118 /* HikeGroupViewController.swift in Sources */ = {isa = PBXBuildFile; fileRef = 449ACFCB1E56216600B84118 /* HikeGroupViewController.swift */; };
		449ACFCF1E565ED300B84118 /* CreateGroupViewController.swift in Sources */ = {isa = PBXBuildFile; fileRef = 449ACFCE1E565ED300B84118 /* CreateGroupViewController.swift */; };
		449ACFD51E58758900B84118 /* DashBoardViewController.swift in Sources */ = {isa = PBXBuildFile; fileRef = 449ACFD41E58758900B84118 /* DashBoardViewController.swift */; };
		449C850A1E77B20800A19597 /* PedometerActivityViewController.swift in Sources */ = {isa = PBXBuildFile; fileRef = 449C85091E77B20800A19597 /* PedometerActivityViewController.swift */; };
		44C7278A1E8FE8E00006AF60 /* History.storyboard in Resources */ = {isa = PBXBuildFile; fileRef = 44C727891E8FE8E00006AF60 /* History.storyboard */; };
		44C7278C1E8FEE6A0006AF60 /* HistoryTableViewCell.swift in Sources */ = {isa = PBXBuildFile; fileRef = 44C7278B1E8FEE6A0006AF60 /* HistoryTableViewCell.swift */; };
		44DE37FD1E673809002A775A /* UpdateGroupViewController.swift in Sources */ = {isa = PBXBuildFile; fileRef = 44DE37FC1E673809002A775A /* UpdateGroupViewController.swift */; };
		44DE37FF1E679595002A775A /* GroupMembersViewController.swift in Sources */ = {isa = PBXBuildFile; fileRef = 44DE37FE1E679595002A775A /* GroupMembersViewController.swift */; };
		44DE38041E6BFC25002A775A /* ScheduleInviteCell.swift in Sources */ = {isa = PBXBuildFile; fileRef = 44DE38031E6BFC25002A775A /* ScheduleInviteCell.swift */; };
		44DE38071E6CE54B002A775A /* ScheduleDBController.swift in Sources */ = {isa = PBXBuildFile; fileRef = 44DE38061E6CE54B002A775A /* ScheduleDBController.swift */; };
		44DE38091E6D17F4002A775A /* HikeModel.swift in Sources */ = {isa = PBXBuildFile; fileRef = 44DE38081E6D17F4002A775A /* HikeModel.swift */; };
		44F136721E62087600E3747C /* UserProfileViewController.swift in Sources */ = {isa = PBXBuildFile; fileRef = 44F136711E62087600E3747C /* UserProfileViewController.swift */; };
		44F136741E62277500E3747C /* GroupListViewCell.swift in Sources */ = {isa = PBXBuildFile; fileRef = 44F136731E62277500E3747C /* GroupListViewCell.swift */; };
		44F5B7301E63166E007C7B97 /* SettingsController.swift in Sources */ = {isa = PBXBuildFile; fileRef = 44F5B72F1E63166E007C7B97 /* SettingsController.swift */; };
		44F5B7321E63176F007C7B97 /* JoinAppInvitation.swift in Sources */ = {isa = PBXBuildFile; fileRef = 44F5B7311E63176F007C7B97 /* JoinAppInvitation.swift */; };
		44F5B7341E6318C5007C7B97 /* SettingCellController.swift in Sources */ = {isa = PBXBuildFile; fileRef = 44F5B7331E6318C5007C7B97 /* SettingCellController.swift */; };
		5DE95240A2012A3CA01D5171 /* Pods_CapstoneTrail_CapstoneTrailTests.framework in Frameworks */ = {isa = PBXBuildFile; fileRef = ACF2801F5E3EFD4AB34ADB8E /* Pods_CapstoneTrail_CapstoneTrailTests.framework */; };
		65E7EEE2D0A127F42608855C /* Pods_CapstoneTrail.framework in Frameworks */ = {isa = PBXBuildFile; fileRef = C1FA64D3EB2D622B0A7EC696 /* Pods_CapstoneTrail.framework */; };
		A900F3511E4A075A00556D79 /* MapKit.framework in Frameworks */ = {isa = PBXBuildFile; fileRef = A900F3501E4A075A00556D79 /* MapKit.framework */; };
		A92CA1FD1E6B30CF003EF418 /* TrailMap.storyboard in Resources */ = {isa = PBXBuildFile; fileRef = A92CA1FC1E6B30CF003EF418 /* TrailMap.storyboard */; };
		A95843211E7C5C6300EBBEFC /* MakeSchedule.storyboard in Resources */ = {isa = PBXBuildFile; fileRef = A95843201E7C5C6300EBBEFC /* MakeSchedule.storyboard */; };
		A95843231E7C5C8100EBBEFC /* MakeScheduleViewController.swift in Sources */ = {isa = PBXBuildFile; fileRef = A95843221E7C5C8100EBBEFC /* MakeScheduleViewController.swift */; };
		A95CD4581E78E506002655D3 /* ScheduleProfile.storyboard in Resources */ = {isa = PBXBuildFile; fileRef = A95CD4571E78E506002655D3 /* ScheduleProfile.storyboard */; };
		A96247E31E79E3AB00B15E55 /* WeatherIndex.xcassets in Resources */ = {isa = PBXBuildFile; fileRef = A96247E21E79E3AB00B15E55 /* WeatherIndex.xcassets */; };
		A976D6F01E637B7D000CF3F5 /* TrailDetail.storyboard in Resources */ = {isa = PBXBuildFile; fileRef = A976D6EF1E637B7D000CF3F5 /* TrailDetail.storyboard */; };
		A978A1461E7DD72C00B43946 /* TrailMO+CoreDataClass.swift in Sources */ = {isa = PBXBuildFile; fileRef = A978A1441E7DD72B00B43946 /* TrailMO+CoreDataClass.swift */; };
		A978A1471E7DD72C00B43946 /* TrailMO+CoreDataProperties.swift in Sources */ = {isa = PBXBuildFile; fileRef = A978A1451E7DD72C00B43946 /* TrailMO+CoreDataProperties.swift */; };
		A97979D81E5DE1BB002DC4D2 /* Trails.xcdatamodeld in Sources */ = {isa = PBXBuildFile; fileRef = A97979D61E5DE1BB002DC4D2 /* Trails.xcdatamodeld */; };
		A97979DE1E5DE318002DC4D2 /* TrailList.storyboard in Resources */ = {isa = PBXBuildFile; fileRef = A97979DD1E5DE318002DC4D2 /* TrailList.storyboard */; };
		A97979E01E5DE342002DC4D2 /* TrailListTableViewController.swift in Sources */ = {isa = PBXBuildFile; fileRef = A97979DF1E5DE342002DC4D2 /* TrailListTableViewController.swift */; };
		A97979E41E5DE402002DC4D2 /* Kitchener.json in Resources */ = {isa = PBXBuildFile; fileRef = A97979E21E5DE402002DC4D2 /* Kitchener.json */; };
		A97979E51E5DE402002DC4D2 /* Waterloo.json in Resources */ = {isa = PBXBuildFile; fileRef = A97979E31E5DE402002DC4D2 /* Waterloo.json */; };
		A97979E71E5DE6D8002DC4D2 /* TrailTableViewCell.swift in Sources */ = {isa = PBXBuildFile; fileRef = A97979E61E5DE6D8002DC4D2 /* TrailTableViewCell.swift */; };
		A97EB5701E5E08E900CCCF31 /* TrailDetailViewController.swift in Sources */ = {isa = PBXBuildFile; fileRef = A97EB56F1E5E08E900CCCF31 /* TrailDetailViewController.swift */; };
		A98B92F71E637DBC007C7AB6 /* TrailUtils.swift in Sources */ = {isa = PBXBuildFile; fileRef = A98B92F61E637DBC007C7AB6 /* TrailUtils.swift */; };
		A9FB93201E4A0C210053F6E3 /* APIKeys.plist in Resources */ = {isa = PBXBuildFile; fileRef = A9FB931F1E4A0C210053F6E3 /* APIKeys.plist */; };
		B66C80BC715842FD22EF75BC /* Trail.swift in Sources */ = {isa = PBXBuildFile; fileRef = B66C8E47DD60A7A6839B2768 /* Trail.swift */; };
		B66C828D90807E4B30E4188C /* AppDelegate.swift in Sources */ = {isa = PBXBuildFile; fileRef = B66C8A82BC1ABAFB0F9D0E10 /* AppDelegate.swift */; };
		B66C82E1126A445C50143E18 /* TrailTap.swift in Sources */ = {isa = PBXBuildFile; fileRef = B66C87024EFD1BD0B640506C /* TrailTap.swift */; };
		B66C83238B78A69E6A3ACF49 /* TrailMapViewController.swift in Sources */ = {isa = PBXBuildFile; fileRef = B66C84B649E566C74B20544C /* TrailMapViewController.swift */; };
		B66C84386F59F38871BEE0CF /* APIKeyTests.swift in Sources */ = {isa = PBXBuildFile; fileRef = B66C8597C1385016DB957A28 /* APIKeyTests.swift */; };
		B66C849A35C01E8274ADCC1E /* APIKeys.swift in Sources */ = {isa = PBXBuildFile; fileRef = B66C863AA1CEAC19C7D1C850 /* APIKeys.swift */; };
		B66C85F04463BF555892D8BA /* WeatherUtils.swift in Sources */ = {isa = PBXBuildFile; fileRef = B66C85A629729496E9A439AE /* WeatherUtils.swift */; };
		B66C875384EF1325BC0D7110 /* LaunchScreen.storyboard in Resources */ = {isa = PBXBuildFile; fileRef = B66C82EA8971FB9C46435BE3 /* LaunchScreen.storyboard */; };
		B66C875F384F46488B725567 /* TrailTests.swift in Sources */ = {isa = PBXBuildFile; fileRef = B66C86E04C2B6393FB1CC083 /* TrailTests.swift */; };
		B66C891A616DF6929B1079A4 /* TrailMapViewControllerTests.swift in Sources */ = {isa = PBXBuildFile; fileRef = B66C8C01390A23000A8D50CB /* TrailMapViewControllerTests.swift */; };
		B66C8A93363E18079BF25D47 /* Main.storyboard in Resources */ = {isa = PBXBuildFile; fileRef = B66C842C3146213CC47FE05D /* Main.storyboard */; };
		B66C8C8DEC5FB180F7C3C27E /* TrailPolyline.swift in Sources */ = {isa = PBXBuildFile; fileRef = B66C805281013E748CD10F6A /* TrailPolyline.swift */; };
		B66C8CB60CD0DB584DAD522E /* ViewController.swift in Sources */ = {isa = PBXBuildFile; fileRef = B66C80D3D9049E6DECDBF27F /* ViewController.swift */; };
		B66C8E1A7401C833BE35C2A3 /* Images.xcassets in Resources */ = {isa = PBXBuildFile; fileRef = B66C8FFA2195697D1BA6415F /* Images.xcassets */; };
		B66C8E8C8FFE2F1F9BB34360 /* Localizable.strings in Resources */ = {isa = PBXBuildFile; fileRef = B66C8C866F8BFE32C7F9EDC4 /* Localizable.strings */; };
		D20ADD551E7496230015F080 /* UnblockFriend.storyboard in Resources */ = {isa = PBXBuildFile; fileRef = D20ADD531E7496230015F080 /* UnblockFriend.storyboard */; };
		D20ADD561E7496230015F080 /* UnblockFriendController.swift in Sources */ = {isa = PBXBuildFile; fileRef = D20ADD541E7496230015F080 /* UnblockFriendController.swift */; };
		D20E889D1E88316000256D4B /* Interface.storyboard in Resources */ = {isa = PBXBuildFile; fileRef = D20E889B1E88316000256D4B /* Interface.storyboard */; };
		D20E889F1E88316000256D4B /* Assets.xcassets in Resources */ = {isa = PBXBuildFile; fileRef = D20E889E1E88316000256D4B /* Assets.xcassets */; };
		D20E88A61E88316000256D4B /* CapstoneTrail_AppleWatch Extension.appex in Embed App Extensions */ = {isa = PBXBuildFile; fileRef = D20E88A51E88316000256D4B /* CapstoneTrail_AppleWatch Extension.appex */; settings = {ATTRIBUTES = (RemoveHeadersOnCopy, ); }; };
		D20E88AB1E88316000256D4B /* InterfaceController.swift in Sources */ = {isa = PBXBuildFile; fileRef = D20E88AA1E88316000256D4B /* InterfaceController.swift */; };
		D20E88AD1E88316000256D4B /* ExtensionDelegate.swift in Sources */ = {isa = PBXBuildFile; fileRef = D20E88AC1E88316000256D4B /* ExtensionDelegate.swift */; };
		D20E88AF1E88316000256D4B /* Assets.xcassets in Resources */ = {isa = PBXBuildFile; fileRef = D20E88AE1E88316000256D4B /* Assets.xcassets */; };
		D20E88B31E88316000256D4B /* CapstoneTrail_AppleWatch.app in Embed Watch Content */ = {isa = PBXBuildFile; fileRef = D20E88991E88316000256D4B /* CapstoneTrail_AppleWatch.app */; };
		D21BE5401E5FCB0C006D05C4 /* Friend.storyboard in Resources */ = {isa = PBXBuildFile; fileRef = D21BE53B1E5FCB0C006D05C4 /* Friend.storyboard */; };
		D21BE5411E5FCB0C006D05C4 /* FriendViewController.swift in Sources */ = {isa = PBXBuildFile; fileRef = D21BE53C1E5FCB0C006D05C4 /* FriendViewController.swift */; };
		D21BE5421E5FCB0C006D05C4 /* Friend.swift in Sources */ = {isa = PBXBuildFile; fileRef = D21BE53D1E5FCB0C006D05C4 /* Friend.swift */; };
		D21BE5431E5FCB0C006D05C4 /* PeopleViewController.swift in Sources */ = {isa = PBXBuildFile; fileRef = D21BE53E1E5FCB0C006D05C4 /* PeopleViewController.swift */; };
		D21BE5441E5FCB0C006D05C4 /* People.storyboard in Resources */ = {isa = PBXBuildFile; fileRef = D21BE53F1E5FCB0C006D05C4 /* People.storyboard */; };
		D21BE5471E5FCB30006D05C4 /* UIImageExtension.swift in Sources */ = {isa = PBXBuildFile; fileRef = D21BE5451E5FCB30006D05C4 /* UIImageExtension.swift */; };
		D21BE5481E5FCB30006D05C4 /* StringExtension.swift in Sources */ = {isa = PBXBuildFile; fileRef = D21BE5461E5FCB30006D05C4 /* StringExtension.swift */; };
		D24784481E4A8C7A00A0AFCF /* GoogleService-Info.plist in Resources */ = {isa = PBXBuildFile; fileRef = D24784471E4A8C7A00A0AFCF /* GoogleService-Info.plist */; };
		D247844A1E4A8D5E00A0AFCF /* LoginController.swift in Sources */ = {isa = PBXBuildFile; fileRef = D24784491E4A8D5E00A0AFCF /* LoginController.swift */; };
		F3A5266CCD7930CF069AECDD /* Pods_CapstoneTrailTests.framework in Frameworks */ = {isa = PBXBuildFile; fileRef = B84E3F6471D45FB5637C3E7E /* Pods_CapstoneTrailTests.framework */; };
/* End PBXBuildFile section */

/* Begin PBXContainerItemProxy section */
		B66C8442E5EE6A3F79FDCC78 /* PBXContainerItemProxy */ = {
			isa = PBXContainerItemProxy;
			containerPortal = B66C8B94777728DFEB7964D7 /* Project object */;
			proxyType = 1;
			remoteGlobalIDString = B66C85B253DA11D131100BD0;
			remoteInfo = CapstoneTrail;
		};
		D20E88A71E88316000256D4B /* PBXContainerItemProxy */ = {
			isa = PBXContainerItemProxy;
			containerPortal = B66C8B94777728DFEB7964D7 /* Project object */;
			proxyType = 1;
			remoteGlobalIDString = D20E88A41E88316000256D4B;
			remoteInfo = "CapstoneTrail_AppleWatch Extension";
		};
		D20E88B11E88316000256D4B /* PBXContainerItemProxy */ = {
			isa = PBXContainerItemProxy;
			containerPortal = B66C8B94777728DFEB7964D7 /* Project object */;
			proxyType = 1;
			remoteGlobalIDString = D20E88981E88316000256D4B;
			remoteInfo = CapstoneTrail_AppleWatch;
		};
/* End PBXContainerItemProxy section */

/* Begin PBXCopyFilesBuildPhase section */
		D20E88B71E88316000256D4B /* Embed App Extensions */ = {
			isa = PBXCopyFilesBuildPhase;
			buildActionMask = 2147483647;
			dstPath = "";
			dstSubfolderSpec = 13;
			files = (
				D20E88A61E88316000256D4B /* CapstoneTrail_AppleWatch Extension.appex in Embed App Extensions */,
			);
			name = "Embed App Extensions";
			runOnlyForDeploymentPostprocessing = 0;
		};
		D20E88BB1E88316000256D4B /* Embed Watch Content */ = {
			isa = PBXCopyFilesBuildPhase;
			buildActionMask = 2147483647;
			dstPath = "$(CONTENTS_FOLDER_PATH)/Watch";
			dstSubfolderSpec = 16;
			files = (
				D20E88B31E88316000256D4B /* CapstoneTrail_AppleWatch.app in Embed Watch Content */,
			);
			name = "Embed Watch Content";
			runOnlyForDeploymentPostprocessing = 0;
		};
/* End PBXCopyFilesBuildPhase section */

/* Begin PBXFileReference section */
		1D6EA5CAAD52FAA0D9CDCCDE /* Pods-CapstoneTrail.release.xcconfig */ = {isa = PBXFileReference; includeInIndex = 1; lastKnownFileType = text.xcconfig; name = "Pods-CapstoneTrail.release.xcconfig"; path = "Pods/Target Support Files/Pods-CapstoneTrail/Pods-CapstoneTrail.release.xcconfig"; sourceTree = "<group>"; };
		2731D46A09543C153A6C31D3 /* Pods-CapstoneTrailTests.release.xcconfig */ = {isa = PBXFileReference; includeInIndex = 1; lastKnownFileType = text.xcconfig; name = "Pods-CapstoneTrailTests.release.xcconfig"; path = "Pods/Target Support Files/Pods-CapstoneTrailTests/Pods-CapstoneTrailTests.release.xcconfig"; sourceTree = "<group>"; };
		3BFF0EC91E9D1FE9FF82FCEB /* Pods-CapstoneTrail-CapstoneTrailTests.release.xcconfig */ = {isa = PBXFileReference; includeInIndex = 1; lastKnownFileType = text.xcconfig; name = "Pods-CapstoneTrail-CapstoneTrailTests.release.xcconfig"; path = "Pods/Target Support Files/Pods-CapstoneTrail-CapstoneTrailTests/Pods-CapstoneTrail-CapstoneTrailTests.release.xcconfig"; sourceTree = "<group>"; };
		440369C11E8E1E81000E6552 /* GroupMembersViewCell.swift */ = {isa = PBXFileReference; fileEncoding = 4; lastKnownFileType = sourcecode.swift; name = GroupMembersViewCell.swift; path = HikeGroup/GroupMembersViewCell.swift; sourceTree = "<group>"; };
		4423ED111E50E72700344B6D /* HikeGroup.storyboard */ = {isa = PBXFileReference; fileEncoding = 4; lastKnownFileType = file.storyboard; name = HikeGroup.storyboard; path = HikeGroup/HikeGroup.storyboard; sourceTree = "<group>"; };
		4434BD061E5D5B8B008692B8 /* mailFriend.swift */ = {isa = PBXFileReference; fileEncoding = 4; lastKnownFileType = sourcecode.swift; path = mailFriend.swift; sourceTree = "<group>"; };
		44385C001E5BCFE10095F2B0 /* CustomTableViewCell.swift */ = {isa = PBXFileReference; fileEncoding = 4; lastKnownFileType = sourcecode.swift; path = CustomTableViewCell.swift; sourceTree = "<group>"; };
		44385C021E5BD2790095F2B0 /* AddFriendToGroupsController.swift */ = {isa = PBXFileReference; fileEncoding = 4; lastKnownFileType = sourcecode.swift; path = AddFriendToGroupsController.swift; sourceTree = "<group>"; };
		44385C041E5BD50C0095F2B0 /* ViewFriendViewController.swift */ = {isa = PBXFileReference; fileEncoding = 4; lastKnownFileType = sourcecode.swift; path = ViewFriendViewController.swift; sourceTree = "<group>"; };
		44385C071E5CE30B0095F2B0 /* Schedule.storyboard */ = {isa = PBXFileReference; fileEncoding = 4; lastKnownFileType = file.storyboard; path = Schedule.storyboard; sourceTree = "<group>"; };
		44385C091E5CE3430095F2B0 /* ScheduleListController.swift */ = {isa = PBXFileReference; fileEncoding = 4; lastKnownFileType = sourcecode.swift; path = ScheduleListController.swift; sourceTree = "<group>"; };
		44385C0B1E5CEFB20095F2B0 /* ScheduleViewCell.swift */ = {isa = PBXFileReference; fileEncoding = 4; lastKnownFileType = sourcecode.swift; path = ScheduleViewCell.swift; sourceTree = "<group>"; };
		44385C0D1E5CF27E0095F2B0 /* ScheduleProfileController.swift */ = {isa = PBXFileReference; fileEncoding = 4; lastKnownFileType = sourcecode.swift; path = ScheduleProfileController.swift; sourceTree = "<group>"; };
		446087731E4E1149007A8BE0 /* LoginViewController.swift */ = {isa = PBXFileReference; fileEncoding = 4; lastKnownFileType = sourcecode.swift; path = LoginViewController.swift; sourceTree = "<group>"; };
		446087751E4E115D007A8BE0 /* UserLogin.swift */ = {isa = PBXFileReference; fileEncoding = 4; lastKnownFileType = sourcecode.swift; path = UserLogin.swift; sourceTree = "<group>"; };
		446087771E4E116A007A8BE0 /* User.swift */ = {isa = PBXFileReference; fileEncoding = 4; lastKnownFileType = sourcecode.swift; path = User.swift; sourceTree = "<group>"; };
		4460877E1E4E1456007A8BE0 /* CreateAccountViewController.swift */ = {isa = PBXFileReference; fileEncoding = 4; lastKnownFileType = sourcecode.swift; path = CreateAccountViewController.swift; sourceTree = "<group>"; };
		446087801E4E1771007A8BE0 /* SignIn.storyboard */ = {isa = PBXFileReference; fileEncoding = 4; lastKnownFileType = file.storyboard; path = SignIn.storyboard; sourceTree = "<group>"; };
		4460878C1E4E2C96007A8BE0 /* DashBoard.storyboard */ = {isa = PBXFileReference; fileEncoding = 4; lastKnownFileType = file.storyboard; path = DashBoard.storyboard; sourceTree = "<group>"; };
		4462019B1E728D2C00A4DF42 /* HealthKit.framework */ = {isa = PBXFileReference; lastKnownFileType = wrapper.framework; name = HealthKit.framework; path = System/Library/Frameworks/HealthKit.framework; sourceTree = SDKROOT; };
		4462019E1E7296F300A4DF42 /* ActivityViewController.swift */ = {isa = PBXFileReference; fileEncoding = 4; lastKnownFileType = sourcecode.swift; name = ActivityViewController.swift; path = Activity/ActivityViewController.swift; sourceTree = "<group>"; };
		446201A21E72AACA00A4DF42 /* Activity.storyboard */ = {isa = PBXFileReference; fileEncoding = 4; lastKnownFileType = file.storyboard; name = Activity.storyboard; path = Activity/Activity.storyboard; sourceTree = "<group>"; };
		447F49A01E5AC4BE0028282D /* GroupProfileViewController.swift */ = {isa = PBXFileReference; fileEncoding = 4; lastKnownFileType = sourcecode.swift; name = GroupProfileViewController.swift; path = HikeGroup/GroupProfileViewController.swift; sourceTree = "<group>"; };
		448C10FE1E5B648A00BE9123 /* GroupDBController.swift */ = {isa = PBXFileReference; fileEncoding = 4; lastKnownFileType = sourcecode.swift; path = GroupDBController.swift; sourceTree = "<group>"; };
		448C11001E5B64B300BE9123 /* GroupModel.swift */ = {isa = PBXFileReference; fileEncoding = 4; lastKnownFileType = sourcecode.swift; path = GroupModel.swift; sourceTree = "<group>"; };
		44967C951E5D69E700086030 /* friendIvCell.swift */ = {isa = PBXFileReference; fileEncoding = 4; lastKnownFileType = sourcecode.swift; path = friendIvCell.swift; sourceTree = "<group>"; };
		449ACFCB1E56216600B84118 /* HikeGroupViewController.swift */ = {isa = PBXFileReference; fileEncoding = 4; lastKnownFileType = sourcecode.swift; name = HikeGroupViewController.swift; path = HikeGroup/HikeGroupViewController.swift; sourceTree = "<group>"; };
		449ACFCE1E565ED300B84118 /* CreateGroupViewController.swift */ = {isa = PBXFileReference; fileEncoding = 4; lastKnownFileType = sourcecode.swift; path = CreateGroupViewController.swift; sourceTree = "<group>"; };
		449ACFD41E58758900B84118 /* DashBoardViewController.swift */ = {isa = PBXFileReference; fileEncoding = 4; lastKnownFileType = sourcecode.swift; path = DashBoardViewController.swift; sourceTree = "<group>"; };
		449C85091E77B20800A19597 /* PedometerActivityViewController.swift */ = {isa = PBXFileReference; fileEncoding = 4; lastKnownFileType = sourcecode.swift; name = PedometerActivityViewController.swift; path = Activity/PedometerActivityViewController.swift; sourceTree = "<group>"; };
		44C727891E8FE8E00006AF60 /* History.storyboard */ = {isa = PBXFileReference; fileEncoding = 4; lastKnownFileType = file.storyboard; path = History.storyboard; sourceTree = "<group>"; };
		44C7278B1E8FEE6A0006AF60 /* HistoryTableViewCell.swift */ = {isa = PBXFileReference; fileEncoding = 4; lastKnownFileType = sourcecode.swift; path = HistoryTableViewCell.swift; sourceTree = "<group>"; };
		44DE37FC1E673809002A775A /* UpdateGroupViewController.swift */ = {isa = PBXFileReference; fileEncoding = 4; lastKnownFileType = sourcecode.swift; name = UpdateGroupViewController.swift; path = HikeGroup/UpdateGroupViewController.swift; sourceTree = "<group>"; };
		44DE37FE1E679595002A775A /* GroupMembersViewController.swift */ = {isa = PBXFileReference; fileEncoding = 4; lastKnownFileType = sourcecode.swift; name = GroupMembersViewController.swift; path = HikeGroup/GroupMembersViewController.swift; sourceTree = "<group>"; };
		44DE38031E6BFC25002A775A /* ScheduleInviteCell.swift */ = {isa = PBXFileReference; fileEncoding = 4; lastKnownFileType = sourcecode.swift; path = ScheduleInviteCell.swift; sourceTree = "<group>"; };
		44DE38061E6CE54B002A775A /* ScheduleDBController.swift */ = {isa = PBXFileReference; fileEncoding = 4; lastKnownFileType = sourcecode.swift; path = ScheduleDBController.swift; sourceTree = "<group>"; };
		44DE38081E6D17F4002A775A /* HikeModel.swift */ = {isa = PBXFileReference; fileEncoding = 4; lastKnownFileType = sourcecode.swift; path = HikeModel.swift; sourceTree = "<group>"; };
		44F136711E62087600E3747C /* UserProfileViewController.swift */ = {isa = PBXFileReference; fileEncoding = 4; lastKnownFileType = sourcecode.swift; path = UserProfileViewController.swift; sourceTree = "<group>"; };
		44F136731E62277500E3747C /* GroupListViewCell.swift */ = {isa = PBXFileReference; fileEncoding = 4; lastKnownFileType = sourcecode.swift; name = GroupListViewCell.swift; path = HikeGroup/GroupListViewCell.swift; sourceTree = "<group>"; };
		44F5B72F1E63166E007C7B97 /* SettingsController.swift */ = {isa = PBXFileReference; fileEncoding = 4; lastKnownFileType = sourcecode.swift; name = SettingsController.swift; path = Settings/SettingsController.swift; sourceTree = "<group>"; };
		44F5B7311E63176F007C7B97 /* JoinAppInvitation.swift */ = {isa = PBXFileReference; fileEncoding = 4; lastKnownFileType = sourcecode.swift; name = JoinAppInvitation.swift; path = HikeGroup/JoinAppInvitation.swift; sourceTree = "<group>"; };
		44F5B7331E6318C5007C7B97 /* SettingCellController.swift */ = {isa = PBXFileReference; fileEncoding = 4; lastKnownFileType = sourcecode.swift; name = SettingCellController.swift; path = Settings/SettingCellController.swift; sourceTree = "<group>"; };
		85BDD1C74E4267286E511B7F /* Pods-CapstoneTrailTests.debug.xcconfig */ = {isa = PBXFileReference; includeInIndex = 1; lastKnownFileType = text.xcconfig; name = "Pods-CapstoneTrailTests.debug.xcconfig"; path = "Pods/Target Support Files/Pods-CapstoneTrailTests/Pods-CapstoneTrailTests.debug.xcconfig"; sourceTree = "<group>"; };
		93C0CBAFEF495B65F5778885 /* Pods-CapstoneTrail.debug.xcconfig */ = {isa = PBXFileReference; includeInIndex = 1; lastKnownFileType = text.xcconfig; name = "Pods-CapstoneTrail.debug.xcconfig"; path = "Pods/Target Support Files/Pods-CapstoneTrail/Pods-CapstoneTrail.debug.xcconfig"; sourceTree = "<group>"; };
		A900F3501E4A075A00556D79 /* MapKit.framework */ = {isa = PBXFileReference; lastKnownFileType = wrapper.framework; name = MapKit.framework; path = System/Library/Frameworks/MapKit.framework; sourceTree = SDKROOT; };
		A92CA1FC1E6B30CF003EF418 /* TrailMap.storyboard */ = {isa = PBXFileReference; fileEncoding = 4; lastKnownFileType = file.storyboard; path = TrailMap.storyboard; sourceTree = "<group>"; };
		A95843201E7C5C6300EBBEFC /* MakeSchedule.storyboard */ = {isa = PBXFileReference; fileEncoding = 4; lastKnownFileType = file.storyboard; path = MakeSchedule.storyboard; sourceTree = "<group>"; };
		A95843221E7C5C8100EBBEFC /* MakeScheduleViewController.swift */ = {isa = PBXFileReference; fileEncoding = 4; lastKnownFileType = sourcecode.swift; path = MakeScheduleViewController.swift; sourceTree = "<group>"; };
		A95CD4571E78E506002655D3 /* ScheduleProfile.storyboard */ = {isa = PBXFileReference; fileEncoding = 4; lastKnownFileType = file.storyboard; path = ScheduleProfile.storyboard; sourceTree = "<group>"; };
		A96247E21E79E3AB00B15E55 /* WeatherIndex.xcassets */ = {isa = PBXFileReference; lastKnownFileType = folder.assetcatalog; path = WeatherIndex.xcassets; sourceTree = "<group>"; };
		A976D6EF1E637B7D000CF3F5 /* TrailDetail.storyboard */ = {isa = PBXFileReference; fileEncoding = 4; lastKnownFileType = file.storyboard; path = TrailDetail.storyboard; sourceTree = "<group>"; };
		A978A1441E7DD72B00B43946 /* TrailMO+CoreDataClass.swift */ = {isa = PBXFileReference; fileEncoding = 4; lastKnownFileType = sourcecode.swift; path = "TrailMO+CoreDataClass.swift"; sourceTree = "<group>"; };
		A978A1451E7DD72C00B43946 /* TrailMO+CoreDataProperties.swift */ = {isa = PBXFileReference; fileEncoding = 4; lastKnownFileType = sourcecode.swift; path = "TrailMO+CoreDataProperties.swift"; sourceTree = "<group>"; };
		A97979D71E5DE1BB002DC4D2 /* Trails.xcdatamodel */ = {isa = PBXFileReference; lastKnownFileType = wrapper.xcdatamodel; path = Trails.xcdatamodel; sourceTree = "<group>"; };
		A97979DD1E5DE318002DC4D2 /* TrailList.storyboard */ = {isa = PBXFileReference; fileEncoding = 4; lastKnownFileType = file.storyboard; path = TrailList.storyboard; sourceTree = "<group>"; };
		A97979DF1E5DE342002DC4D2 /* TrailListTableViewController.swift */ = {isa = PBXFileReference; fileEncoding = 4; lastKnownFileType = sourcecode.swift; path = TrailListTableViewController.swift; sourceTree = "<group>"; };
		A97979E21E5DE402002DC4D2 /* Kitchener.json */ = {isa = PBXFileReference; fileEncoding = 4; lastKnownFileType = text.json; path = Kitchener.json; sourceTree = "<group>"; };
		A97979E31E5DE402002DC4D2 /* Waterloo.json */ = {isa = PBXFileReference; fileEncoding = 4; lastKnownFileType = text.json; path = Waterloo.json; sourceTree = "<group>"; };
		A97979E61E5DE6D8002DC4D2 /* TrailTableViewCell.swift */ = {isa = PBXFileReference; fileEncoding = 4; lastKnownFileType = sourcecode.swift; path = TrailTableViewCell.swift; sourceTree = "<group>"; };
		A97EB56F1E5E08E900CCCF31 /* TrailDetailViewController.swift */ = {isa = PBXFileReference; fileEncoding = 4; lastKnownFileType = sourcecode.swift; path = TrailDetailViewController.swift; sourceTree = "<group>"; };
		A98B92F61E637DBC007C7AB6 /* TrailUtils.swift */ = {isa = PBXFileReference; fileEncoding = 4; lastKnownFileType = sourcecode.swift; path = TrailUtils.swift; sourceTree = "<group>"; };
		A9FB931F1E4A0C210053F6E3 /* APIKeys.plist */ = {isa = PBXFileReference; fileEncoding = 4; lastKnownFileType = text.plist.xml; path = APIKeys.plist; sourceTree = "<group>"; };
		ACF2801F5E3EFD4AB34ADB8E /* Pods_CapstoneTrail_CapstoneTrailTests.framework */ = {isa = PBXFileReference; explicitFileType = wrapper.framework; includeInIndex = 0; path = Pods_CapstoneTrail_CapstoneTrailTests.framework; sourceTree = BUILT_PRODUCTS_DIR; };
		B66C805281013E748CD10F6A /* TrailPolyline.swift */ = {isa = PBXFileReference; fileEncoding = 4; lastKnownFileType = sourcecode.swift; path = TrailPolyline.swift; sourceTree = "<group>"; };
		B66C80D3D9049E6DECDBF27F /* ViewController.swift */ = {isa = PBXFileReference; lastKnownFileType = sourcecode.swift; path = ViewController.swift; sourceTree = "<group>"; };
		B66C84B649E566C74B20544C /* TrailMapViewController.swift */ = {isa = PBXFileReference; fileEncoding = 4; lastKnownFileType = sourcecode.swift; path = TrailMapViewController.swift; sourceTree = "<group>"; };
		B66C8597C1385016DB957A28 /* APIKeyTests.swift */ = {isa = PBXFileReference; fileEncoding = 4; lastKnownFileType = sourcecode.swift; path = APIKeyTests.swift; sourceTree = "<group>"; };
		B66C85A629729496E9A439AE /* WeatherUtils.swift */ = {isa = PBXFileReference; fileEncoding = 4; lastKnownFileType = sourcecode.swift; path = WeatherUtils.swift; sourceTree = "<group>"; };
		B66C863AA1CEAC19C7D1C850 /* APIKeys.swift */ = {isa = PBXFileReference; fileEncoding = 4; lastKnownFileType = sourcecode.swift; path = APIKeys.swift; sourceTree = "<group>"; };
		B66C86E04C2B6393FB1CC083 /* TrailTests.swift */ = {isa = PBXFileReference; fileEncoding = 4; lastKnownFileType = sourcecode.swift; path = TrailTests.swift; sourceTree = "<group>"; };
		B66C87024EFD1BD0B640506C /* TrailTap.swift */ = {isa = PBXFileReference; fileEncoding = 4; lastKnownFileType = sourcecode.swift; path = TrailTap.swift; sourceTree = "<group>"; };
		B66C871A5CCAF5C836061916 /* Info.plist */ = {isa = PBXFileReference; lastKnownFileType = text.plist.info; path = Info.plist; sourceTree = "<group>"; };
		B66C88010C9CFE43488BA299 /* Base */ = {isa = PBXFileReference; lastKnownFileType = file.storyboard; name = Base; path = Base.lproj/LaunchScreen.storyboard; sourceTree = "<group>"; };
		B66C8A40A20620D47441B827 /* Base */ = {isa = PBXFileReference; lastKnownFileType = file.storyboard; name = Base; path = Base.lproj/Main.storyboard; sourceTree = "<group>"; };
		B66C8A82BC1ABAFB0F9D0E10 /* AppDelegate.swift */ = {isa = PBXFileReference; lastKnownFileType = sourcecode.swift; path = AppDelegate.swift; sourceTree = "<group>"; };
		B66C8C01390A23000A8D50CB /* TrailMapViewControllerTests.swift */ = {isa = PBXFileReference; fileEncoding = 4; lastKnownFileType = sourcecode.swift; path = TrailMapViewControllerTests.swift; sourceTree = "<group>"; };
		B66C8C866F8BFE32C7F9EDC4 /* Localizable.strings */ = {isa = PBXFileReference; fileEncoding = 4; lastKnownFileType = text.plist.strings; path = Localizable.strings; sourceTree = "<group>"; };
		B66C8E354790C98D3CD7CB58 /* Info.plist */ = {isa = PBXFileReference; lastKnownFileType = text.plist.info; path = Info.plist; sourceTree = "<group>"; };
		B66C8E47DD60A7A6839B2768 /* Trail.swift */ = {isa = PBXFileReference; fileEncoding = 4; lastKnownFileType = sourcecode.swift; path = Trail.swift; sourceTree = "<group>"; };
		B66C8ED1AC2F1ED2E055EB2F /* CapstoneTrailTests.xctest */ = {isa = PBXFileReference; explicitFileType = wrapper.cfbundle; includeInIndex = 0; path = CapstoneTrailTests.xctest; sourceTree = BUILT_PRODUCTS_DIR; };
		B66C8FBBF8B0676832E26E83 /* CapstoneTrail.app */ = {isa = PBXFileReference; explicitFileType = wrapper.application; includeInIndex = 0; path = CapstoneTrail.app; sourceTree = BUILT_PRODUCTS_DIR; };
		B66C8FFA2195697D1BA6415F /* Images.xcassets */ = {isa = PBXFileReference; lastKnownFileType = folder.assetcatalog; path = Images.xcassets; sourceTree = "<group>"; };
		B84E3F6471D45FB5637C3E7E /* Pods_CapstoneTrailTests.framework */ = {isa = PBXFileReference; explicitFileType = wrapper.framework; includeInIndex = 0; path = Pods_CapstoneTrailTests.framework; sourceTree = BUILT_PRODUCTS_DIR; };
		BF8723D0477B49A44409DAE8 /* Pods-CapstoneTrail-CapstoneTrailTests.debug.xcconfig */ = {isa = PBXFileReference; includeInIndex = 1; lastKnownFileType = text.xcconfig; name = "Pods-CapstoneTrail-CapstoneTrailTests.debug.xcconfig"; path = "Pods/Target Support Files/Pods-CapstoneTrail-CapstoneTrailTests/Pods-CapstoneTrail-CapstoneTrailTests.debug.xcconfig"; sourceTree = "<group>"; };
		C1FA64D3EB2D622B0A7EC696 /* Pods_CapstoneTrail.framework */ = {isa = PBXFileReference; explicitFileType = wrapper.framework; includeInIndex = 0; path = Pods_CapstoneTrail.framework; sourceTree = BUILT_PRODUCTS_DIR; };
		D20ADD531E7496230015F080 /* UnblockFriend.storyboard */ = {isa = PBXFileReference; fileEncoding = 4; lastKnownFileType = file.storyboard; path = UnblockFriend.storyboard; sourceTree = "<group>"; };
		D20ADD541E7496230015F080 /* UnblockFriendController.swift */ = {isa = PBXFileReference; fileEncoding = 4; lastKnownFileType = sourcecode.swift; path = UnblockFriendController.swift; sourceTree = "<group>"; };
		D20E88991E88316000256D4B /* CapstoneTrail_AppleWatch.app */ = {isa = PBXFileReference; explicitFileType = wrapper.application; includeInIndex = 0; path = CapstoneTrail_AppleWatch.app; sourceTree = BUILT_PRODUCTS_DIR; };
		D20E889C1E88316000256D4B /* Base */ = {isa = PBXFileReference; lastKnownFileType = file.storyboard; name = Base; path = Base.lproj/Interface.storyboard; sourceTree = "<group>"; };
		D20E889E1E88316000256D4B /* Assets.xcassets */ = {isa = PBXFileReference; lastKnownFileType = folder.assetcatalog; path = Assets.xcassets; sourceTree = "<group>"; };
		D20E88A01E88316000256D4B /* Info.plist */ = {isa = PBXFileReference; lastKnownFileType = text.plist.xml; path = Info.plist; sourceTree = "<group>"; };
		D20E88A51E88316000256D4B /* CapstoneTrail_AppleWatch Extension.appex */ = {isa = PBXFileReference; explicitFileType = "wrapper.app-extension"; includeInIndex = 0; path = "CapstoneTrail_AppleWatch Extension.appex"; sourceTree = BUILT_PRODUCTS_DIR; };
		D20E88AA1E88316000256D4B /* InterfaceController.swift */ = {isa = PBXFileReference; lastKnownFileType = sourcecode.swift; path = InterfaceController.swift; sourceTree = "<group>"; };
		D20E88AC1E88316000256D4B /* ExtensionDelegate.swift */ = {isa = PBXFileReference; lastKnownFileType = sourcecode.swift; path = ExtensionDelegate.swift; sourceTree = "<group>"; };
		D20E88AE1E88316000256D4B /* Assets.xcassets */ = {isa = PBXFileReference; lastKnownFileType = folder.assetcatalog; path = Assets.xcassets; sourceTree = "<group>"; };
		D20E88B01E88316000256D4B /* Info.plist */ = {isa = PBXFileReference; lastKnownFileType = text.plist.xml; path = Info.plist; sourceTree = "<group>"; };
		D21BE53B1E5FCB0C006D05C4 /* Friend.storyboard */ = {isa = PBXFileReference; fileEncoding = 4; lastKnownFileType = file.storyboard; path = Friend.storyboard; sourceTree = "<group>"; };
		D21BE53C1E5FCB0C006D05C4 /* FriendViewController.swift */ = {isa = PBXFileReference; fileEncoding = 4; lastKnownFileType = sourcecode.swift; path = FriendViewController.swift; sourceTree = "<group>"; };
		D21BE53D1E5FCB0C006D05C4 /* Friend.swift */ = {isa = PBXFileReference; fileEncoding = 4; lastKnownFileType = sourcecode.swift; path = Friend.swift; sourceTree = "<group>"; };
		D21BE53E1E5FCB0C006D05C4 /* PeopleViewController.swift */ = {isa = PBXFileReference; fileEncoding = 4; lastKnownFileType = sourcecode.swift; path = PeopleViewController.swift; sourceTree = "<group>"; };
		D21BE53F1E5FCB0C006D05C4 /* People.storyboard */ = {isa = PBXFileReference; fileEncoding = 4; lastKnownFileType = file.storyboard; path = People.storyboard; sourceTree = "<group>"; };
		D21BE5451E5FCB30006D05C4 /* UIImageExtension.swift */ = {isa = PBXFileReference; fileEncoding = 4; lastKnownFileType = sourcecode.swift; path = UIImageExtension.swift; sourceTree = "<group>"; };
		D21BE5461E5FCB30006D05C4 /* StringExtension.swift */ = {isa = PBXFileReference; fileEncoding = 4; lastKnownFileType = sourcecode.swift; path = StringExtension.swift; sourceTree = "<group>"; };
		D24784471E4A8C7A00A0AFCF /* GoogleService-Info.plist */ = {isa = PBXFileReference; fileEncoding = 4; lastKnownFileType = text.plist.xml; path = "GoogleService-Info.plist"; sourceTree = "<group>"; };
		D24784491E4A8D5E00A0AFCF /* LoginController.swift */ = {isa = PBXFileReference; fileEncoding = 4; lastKnownFileType = sourcecode.swift; path = LoginController.swift; sourceTree = "<group>"; };
		D2A6FACC1E4A863E00F7AB22 /* CapstoneTrail.entitlements */ = {isa = PBXFileReference; lastKnownFileType = text.plist.entitlements; path = CapstoneTrail.entitlements; sourceTree = "<group>"; };
/* End PBXFileReference section */

/* Begin PBXFrameworksBuildPhase section */
		B66C8B0733D7AE68CECEAF12 /* Frameworks */ = {
			isa = PBXFrameworksBuildPhase;
			buildActionMask = 2147483647;
			files = (
				4462019C1E728D2C00A4DF42 /* HealthKit.framework in Frameworks */,
				A900F3511E4A075A00556D79 /* MapKit.framework in Frameworks */,
				65E7EEE2D0A127F42608855C /* Pods_CapstoneTrail.framework in Frameworks */,
			);
			runOnlyForDeploymentPostprocessing = 0;
		};
		B66C8DBD51FA30BBF7F2D14C /* Frameworks */ = {
			isa = PBXFrameworksBuildPhase;
			buildActionMask = 2147483647;
			files = (
				F3A5266CCD7930CF069AECDD /* Pods_CapstoneTrailTests.framework in Frameworks */,
				5DE95240A2012A3CA01D5171 /* Pods_CapstoneTrail_CapstoneTrailTests.framework in Frameworks */,
			);
			runOnlyForDeploymentPostprocessing = 0;
		};
		D20E88A21E88316000256D4B /* Frameworks */ = {
			isa = PBXFrameworksBuildPhase;
			buildActionMask = 2147483647;
			files = (
			);
			runOnlyForDeploymentPostprocessing = 0;
		};
/* End PBXFrameworksBuildPhase section */

/* Begin PBXGroup section */
		4423ED101E50E6FF00344B6D /* HikeGroup */ = {
			isa = PBXGroup;
			children = (
				44F5B7311E63176F007C7B97 /* JoinAppInvitation.swift */,
				448C10FB1E5B639200BE9123 /* DAL */,
				449ACFCD1E565E5D00B84118 /* AddGroup */,
				4423ED111E50E72700344B6D /* HikeGroup.storyboard */,
				449ACFCB1E56216600B84118 /* HikeGroupViewController.swift */,
				447F49A01E5AC4BE0028282D /* GroupProfileViewController.swift */,
				44F136731E62277500E3747C /* GroupListViewCell.swift */,
				44DE37FC1E673809002A775A /* UpdateGroupViewController.swift */,
				44DE37FE1E679595002A775A /* GroupMembersViewController.swift */,
				440369C11E8E1E81000E6552 /* GroupMembersViewCell.swift */,
			);
			name = HikeGroup;
			sourceTree = "<group>";
		};
		44385C061E5CE1E90095F2B0 /* Schedule */ = {
			isa = PBXGroup;
			children = (
				44DE38051E6CE4F9002A775A /* DAL */,
				44385C071E5CE30B0095F2B0 /* Schedule.storyboard */,
				A95CD4571E78E506002655D3 /* ScheduleProfile.storyboard */,
				44385C091E5CE3430095F2B0 /* ScheduleListController.swift */,
				44385C0B1E5CEFB20095F2B0 /* ScheduleViewCell.swift */,
				44385C0D1E5CF27E0095F2B0 /* ScheduleProfileController.swift */,
				4434BD061E5D5B8B008692B8 /* mailFriend.swift */,
				44967C951E5D69E700086030 /* friendIvCell.swift */,
				44DE38031E6BFC25002A775A /* ScheduleInviteCell.swift */,
			);
			path = Schedule;
			sourceTree = "<group>";
		};
		446087791E4E11CD007A8BE0 /* User */ = {
			isa = PBXGroup;
			children = (
				44F5B72E1E631648007C7B97 /* Settings */,
				446087801E4E1771007A8BE0 /* SignIn.storyboard */,
				4460877B1E4E124D007A8BE0 /* SignIn */,
				4460877A1E4E11FB007A8BE0 /* SignUp */,
				44F136711E62087600E3747C /* UserProfileViewController.swift */,
			);
			path = User;
			sourceTree = "<group>";
		};
		4460877A1E4E11FB007A8BE0 /* SignUp */ = {
			isa = PBXGroup;
			children = (
				4460877E1E4E1456007A8BE0 /* CreateAccountViewController.swift */,
			);
			path = SignUp;
			sourceTree = "<group>";
		};
		4460877B1E4E124D007A8BE0 /* SignIn */ = {
			isa = PBXGroup;
			children = (
				446087771E4E116A007A8BE0 /* User.swift */,
				446087731E4E1149007A8BE0 /* LoginViewController.swift */,
				446087751E4E115D007A8BE0 /* UserLogin.swift */,
			);
			path = SignIn;
			sourceTree = "<group>";
		};
		446087871E4E285D007A8BE0 /* DashBoard */ = {
			isa = PBXGroup;
			children = (
				4460878C1E4E2C96007A8BE0 /* DashBoard.storyboard */,
				449ACFD41E58758900B84118 /* DashBoardViewController.swift */,
			);
			path = DashBoard;
			sourceTree = "<group>";
		};
		4462019D1E7296A900A4DF42 /* Activity */ = {
			isa = PBXGroup;
			children = (
				4462019E1E7296F300A4DF42 /* ActivityViewController.swift */,
				446201A21E72AACA00A4DF42 /* Activity.storyboard */,
				449C85091E77B20800A19597 /* PedometerActivityViewController.swift */,
			);
			name = Activity;
			sourceTree = "<group>";
		};
		448C10FB1E5B639200BE9123 /* DAL */ = {
			isa = PBXGroup;
			children = (
				448C11001E5B64B300BE9123 /* GroupModel.swift */,
				448C10FE1E5B648A00BE9123 /* GroupDBController.swift */,
			);
			name = DAL;
			path = HikeGroup/DAL;
			sourceTree = "<group>";
		};
		449ACFCD1E565E5D00B84118 /* AddGroup */ = {
			isa = PBXGroup;
			children = (
				449ACFCE1E565ED300B84118 /* CreateGroupViewController.swift */,
				44385C001E5BCFE10095F2B0 /* CustomTableViewCell.swift */,
				44385C021E5BD2790095F2B0 /* AddFriendToGroupsController.swift */,
				44385C041E5BD50C0095F2B0 /* ViewFriendViewController.swift */,
			);
			name = AddGroup;
			path = HikeGroup/AddGroup;
			sourceTree = "<group>";
		};
		44C727881E8FE8640006AF60 /* History */ = {
			isa = PBXGroup;
			children = (
				44C727891E8FE8E00006AF60 /* History.storyboard */,
				44C7278B1E8FEE6A0006AF60 /* HistoryTableViewCell.swift */,
			);
			path = History;
			sourceTree = "<group>";
		};
		44DE38051E6CE4F9002A775A /* DAL */ = {
			isa = PBXGroup;
			children = (
				44DE38061E6CE54B002A775A /* ScheduleDBController.swift */,
				44DE38081E6D17F4002A775A /* HikeModel.swift */,
			);
			path = DAL;
			sourceTree = "<group>";
		};
		44F5B72E1E631648007C7B97 /* Settings */ = {
			isa = PBXGroup;
			children = (
				44F5B72F1E63166E007C7B97 /* SettingsController.swift */,
				44F5B7331E6318C5007C7B97 /* SettingCellController.swift */,
			);
			name = Settings;
			sourceTree = "<group>";
		};
		A900F34F1E4A075A00556D79 /* Frameworks */ = {
			isa = PBXGroup;
			children = (
				4462019B1E728D2C00A4DF42 /* HealthKit.framework */,
				A900F3501E4A075A00556D79 /* MapKit.framework */,
				C1FA64D3EB2D622B0A7EC696 /* Pods_CapstoneTrail.framework */,
				B84E3F6471D45FB5637C3E7E /* Pods_CapstoneTrailTests.framework */,
				ACF2801F5E3EFD4AB34ADB8E /* Pods_CapstoneTrail_CapstoneTrailTests.framework */,
			);
			name = Frameworks;
			sourceTree = "<group>";
		};
		A900F3521E4A077400556D79 /* Features */ = {
			isa = PBXGroup;
			children = (
				44C727881E8FE8640006AF60 /* History */,
				4462019D1E7296A900A4DF42 /* Activity */,
				A92CA1FB1E6B30AD003EF418 /* TrailMap */,
				44385C061E5CE1E90095F2B0 /* Schedule */,
				D21BE5391E5FCABA006D05C4 /* Helper */,
				D21BE5381E5FCAB4006D05C4 /* Friend */,
				A976D6EE1E637B5C000CF3F5 /* TrailDetail */,
				A97979D51E5DE177002DC4D2 /* TrailList */,
				4423ED101E50E6FF00344B6D /* HikeGroup */,
				446087871E4E285D007A8BE0 /* DashBoard */,
				446087791E4E11CD007A8BE0 /* User */,
				D23B65791E4A7CE100957B1E /* LoginDemo */,
				A900F3531E4A077B00556D79 /* Main */,
			);
			path = Features;
			sourceTree = "<group>";
		};
		A900F3531E4A077B00556D79 /* Main */ = {
			isa = PBXGroup;
			children = (
				B66C8A82BC1ABAFB0F9D0E10 /* AppDelegate.swift */,
				B66C80D3D9049E6DECDBF27F /* ViewController.swift */,
				B66C82EA8971FB9C46435BE3 /* LaunchScreen.storyboard */,
				B66C842C3146213CC47FE05D /* Main.storyboard */,
			);
			path = Main;
			sourceTree = "<group>";
		};
		A900F3541E4A07A000556D79 /* Assets */ = {
			isa = PBXGroup;
			children = (
				A97979E11E5DE402002DC4D2 /* TrailData */,
				B66C8FFA2195697D1BA6415F /* Images.xcassets */,
				B66C8C866F8BFE32C7F9EDC4 /* Localizable.strings */,
				A97979D61E5DE1BB002DC4D2 /* Trails.xcdatamodeld */,
				A96247E21E79E3AB00B15E55 /* WeatherIndex.xcassets */,
			);
			path = Assets;
			sourceTree = "<group>";
		};
		A900F3551E4A07B200556D79 /* Config */ = {
			isa = PBXGroup;
			children = (
				A905D8F11E4A095800681486 /* Credentials */,
				B66C871A5CCAF5C836061916 /* Info.plist */,
				D24784471E4A8C7A00A0AFCF /* GoogleService-Info.plist */,
			);
			path = Config;
			sourceTree = "<group>";
		};
		A905D8F11E4A095800681486 /* Credentials */ = {
			isa = PBXGroup;
			children = (
				A9FB931F1E4A0C210053F6E3 /* APIKeys.plist */,
			);
			path = Credentials;
			sourceTree = "<group>";
		};
		A92CA1FB1E6B30AD003EF418 /* TrailMap */ = {
			isa = PBXGroup;
			children = (
				A92CA1FC1E6B30CF003EF418 /* TrailMap.storyboard */,
				B66C84B649E566C74B20544C /* TrailMapViewController.swift */,
				B66C8E47DD60A7A6839B2768 /* Trail.swift */,
				B66C805281013E748CD10F6A /* TrailPolyline.swift */,
				B66C87024EFD1BD0B640506C /* TrailTap.swift */,
				A95843201E7C5C6300EBBEFC /* MakeSchedule.storyboard */,
				A95843221E7C5C8100EBBEFC /* MakeScheduleViewController.swift */,
			);
			path = TrailMap;
			sourceTree = "<group>";
		};
		A976D6EE1E637B5C000CF3F5 /* TrailDetail */ = {
			isa = PBXGroup;
			children = (
				A976D6EF1E637B7D000CF3F5 /* TrailDetail.storyboard */,
				A97EB56F1E5E08E900CCCF31 /* TrailDetailViewController.swift */,
			);
			path = TrailDetail;
			sourceTree = "<group>";
		};
		A97979D51E5DE177002DC4D2 /* TrailList */ = {
			isa = PBXGroup;
			children = (
				A978A1441E7DD72B00B43946 /* TrailMO+CoreDataClass.swift */,
				A978A1451E7DD72C00B43946 /* TrailMO+CoreDataProperties.swift */,
				A97979DD1E5DE318002DC4D2 /* TrailList.storyboard */,
				A97979DF1E5DE342002DC4D2 /* TrailListTableViewController.swift */,
				A97979E61E5DE6D8002DC4D2 /* TrailTableViewCell.swift */,
			);
			path = TrailList;
			sourceTree = "<group>";
		};
		A97979E11E5DE402002DC4D2 /* TrailData */ = {
			isa = PBXGroup;
			children = (
				A97979E21E5DE402002DC4D2 /* Kitchener.json */,
				A97979E31E5DE402002DC4D2 /* Waterloo.json */,
			);
			path = TrailData;
			sourceTree = "<group>";
		};
		B66C811D063DF5892D42683B /* CapstoneTrail */ = {
			isa = PBXGroup;
			children = (
				D2A6FACC1E4A863E00F7AB22 /* CapstoneTrail.entitlements */,
				A900F3521E4A077400556D79 /* Features */,
				A900F3541E4A07A000556D79 /* Assets */,
				A900F3551E4A07B200556D79 /* Config */,
			);
			path = CapstoneTrail;
			sourceTree = "<group>";
		};
		B66C87F9A8B3864D04D7DCDE /* CapstoneTrailTests */ = {
			isa = PBXGroup;
			children = (
				B66C8E354790C98D3CD7CB58 /* Info.plist */,
				B66C8C01390A23000A8D50CB /* TrailMapViewControllerTests.swift */,
				B66C86E04C2B6393FB1CC083 /* TrailTests.swift */,
				B66C8597C1385016DB957A28 /* APIKeyTests.swift */,
			);
			path = CapstoneTrailTests;
			sourceTree = "<group>";
		};
		B66C8B1E34F48D6454107314 /* Products */ = {
			isa = PBXGroup;
			children = (
				B66C8FBBF8B0676832E26E83 /* CapstoneTrail.app */,
				B66C8ED1AC2F1ED2E055EB2F /* CapstoneTrailTests.xctest */,
				D20E88991E88316000256D4B /* CapstoneTrail_AppleWatch.app */,
				D20E88A51E88316000256D4B /* CapstoneTrail_AppleWatch Extension.appex */,
			);
			name = Products;
			sourceTree = "<group>";
		};
		B66C8BC26AE95B2C75C578E8 = {
			isa = PBXGroup;
			children = (
				D20E889A1E88316000256D4B /* CapstoneTrail_AppleWatch */,
				D20E88A91E88316000256D4B /* CapstoneTrail_AppleWatch Extension */,
				B66C8B1E34F48D6454107314 /* Products */,
				B66C811D063DF5892D42683B /* CapstoneTrail */,
				B66C87F9A8B3864D04D7DCDE /* CapstoneTrailTests */,
				A900F34F1E4A075A00556D79 /* Frameworks */,
				EBAE0BBC5398A07AF3F2ED75 /* Pods */,
			);
			sourceTree = "<group>";
		};
		D20E889A1E88316000256D4B /* CapstoneTrail_AppleWatch */ = {
			isa = PBXGroup;
			children = (
				D20E889B1E88316000256D4B /* Interface.storyboard */,
				D20E889E1E88316000256D4B /* Assets.xcassets */,
				D20E88A01E88316000256D4B /* Info.plist */,
			);
			path = CapstoneTrail_AppleWatch;
			sourceTree = "<group>";
		};
		D20E88A91E88316000256D4B /* CapstoneTrail_AppleWatch Extension */ = {
			isa = PBXGroup;
			children = (
				D20E88AA1E88316000256D4B /* InterfaceController.swift */,
				D20E88AC1E88316000256D4B /* ExtensionDelegate.swift */,
				D20E88AE1E88316000256D4B /* Assets.xcassets */,
				D20E88B01E88316000256D4B /* Info.plist */,
			);
			path = "CapstoneTrail_AppleWatch Extension";
			sourceTree = "<group>";
		};
		D21BE5381E5FCAB4006D05C4 /* Friend */ = {
			isa = PBXGroup;
			children = (
				D20ADD531E7496230015F080 /* UnblockFriend.storyboard */,
				D20ADD541E7496230015F080 /* UnblockFriendController.swift */,
				D21BE53B1E5FCB0C006D05C4 /* Friend.storyboard */,
				D21BE53C1E5FCB0C006D05C4 /* FriendViewController.swift */,
				D21BE53D1E5FCB0C006D05C4 /* Friend.swift */,
				D21BE53E1E5FCB0C006D05C4 /* PeopleViewController.swift */,
				D21BE53F1E5FCB0C006D05C4 /* People.storyboard */,
			);
			path = Friend;
			sourceTree = "<group>";
		};
		D21BE5391E5FCABA006D05C4 /* Helper */ = {
			isa = PBXGroup;
			children = (
				B66C85A629729496E9A439AE /* WeatherUtils.swift */,
				A98B92F61E637DBC007C7AB6 /* TrailUtils.swift */,
				D21BE5451E5FCB30006D05C4 /* UIImageExtension.swift */,
				D21BE5461E5FCB30006D05C4 /* StringExtension.swift */,
				B66C863AA1CEAC19C7D1C850 /* APIKeys.swift */,
			);
			path = Helper;
			sourceTree = "<group>";
		};
		D23B65791E4A7CE100957B1E /* LoginDemo */ = {
			isa = PBXGroup;
			children = (
				D24784491E4A8D5E00A0AFCF /* LoginController.swift */,
			);
			name = LoginDemo;
			sourceTree = "<group>";
		};
		EBAE0BBC5398A07AF3F2ED75 /* Pods */ = {
			isa = PBXGroup;
			children = (
				93C0CBAFEF495B65F5778885 /* Pods-CapstoneTrail.debug.xcconfig */,
				1D6EA5CAAD52FAA0D9CDCCDE /* Pods-CapstoneTrail.release.xcconfig */,
				85BDD1C74E4267286E511B7F /* Pods-CapstoneTrailTests.debug.xcconfig */,
				2731D46A09543C153A6C31D3 /* Pods-CapstoneTrailTests.release.xcconfig */,
				BF8723D0477B49A44409DAE8 /* Pods-CapstoneTrail-CapstoneTrailTests.debug.xcconfig */,
				3BFF0EC91E9D1FE9FF82FCEB /* Pods-CapstoneTrail-CapstoneTrailTests.release.xcconfig */,
			);
			name = Pods;
			sourceTree = "<group>";
		};
/* End PBXGroup section */

/* Begin PBXNativeTarget section */
		B66C851B8F4D4BFBD3E468CA /* CapstoneTrailTests */ = {
			isa = PBXNativeTarget;
			buildConfigurationList = B66C8D8B4EC01179AF6AE852 /* Build configuration list for PBXNativeTarget "CapstoneTrailTests" */;
			buildPhases = (
				D4012BF6E8017840B1C40C95 /* [CP] Check Pods Manifest.lock */,
				B66C8128E698D7A1D8D912CA /* Sources */,
				B66C8DBD51FA30BBF7F2D14C /* Frameworks */,
				B66C85BB0B303F22C07048A6 /* Resources */,
				D95A69E539E8CFDA78C6E803 /* [CP] Embed Pods Frameworks */,
				F0E09BA2C6E4C550497C9F81 /* [CP] Copy Pods Resources */,
			);
			buildRules = (
			);
			dependencies = (
				B66C8AB241181F2382E5EB8E /* PBXTargetDependency */,
			);
			name = CapstoneTrailTests;
			productName = CapstoneTrailTests;
			productReference = B66C8ED1AC2F1ED2E055EB2F /* CapstoneTrailTests.xctest */;
			productType = "com.apple.product-type.bundle.unit-test";
		};
		B66C85B253DA11D131100BD0 /* CapstoneTrail */ = {
			isa = PBXNativeTarget;
			buildConfigurationList = B66C89D3945F7A4D333F7D9A /* Build configuration list for PBXNativeTarget "CapstoneTrail" */;
			buildPhases = (
				E5295B2E750B5F8848B35D02 /* [CP] Check Pods Manifest.lock */,
				B66C873BF5A6B2F8D8C2E69A /* Sources */,
				B66C8B0733D7AE68CECEAF12 /* Frameworks */,
				B66C8AE536CD8997B98C4BEF /* Resources */,
				5AFE9F6D3C4CB4834E92E40A /* [CP] Embed Pods Frameworks */,
				902574AD668CAC4193A6D7A0 /* [CP] Copy Pods Resources */,
				D20E88BB1E88316000256D4B /* Embed Watch Content */,
			);
			buildRules = (
			);
			dependencies = (
				D20E88B21E88316000256D4B /* PBXTargetDependency */,
			);
			name = CapstoneTrail;
			productName = CapstoneTrail;
			productReference = B66C8FBBF8B0676832E26E83 /* CapstoneTrail.app */;
			productType = "com.apple.product-type.application";
		};
		D20E88981E88316000256D4B /* CapstoneTrail_AppleWatch */ = {
			isa = PBXNativeTarget;
			buildConfigurationList = D20E88B81E88316000256D4B /* Build configuration list for PBXNativeTarget "CapstoneTrail_AppleWatch" */;
			buildPhases = (
				D20E88971E88316000256D4B /* Resources */,
				D20E88B71E88316000256D4B /* Embed App Extensions */,
			);
			buildRules = (
			);
			dependencies = (
				D20E88A81E88316000256D4B /* PBXTargetDependency */,
			);
			name = CapstoneTrail_AppleWatch;
			productName = CapstoneTrail_AppleWatch;
			productReference = D20E88991E88316000256D4B /* CapstoneTrail_AppleWatch.app */;
			productType = "com.apple.product-type.application.watchapp2";
		};
		D20E88A41E88316000256D4B /* CapstoneTrail_AppleWatch Extension */ = {
			isa = PBXNativeTarget;
			buildConfigurationList = D20E88B41E88316000256D4B /* Build configuration list for PBXNativeTarget "CapstoneTrail_AppleWatch Extension" */;
			buildPhases = (
				D20E88A11E88316000256D4B /* Sources */,
				D20E88A21E88316000256D4B /* Frameworks */,
				D20E88A31E88316000256D4B /* Resources */,
			);
			buildRules = (
			);
			dependencies = (
			);
			name = "CapstoneTrail_AppleWatch Extension";
			productName = "CapstoneTrail_AppleWatch Extension";
			productReference = D20E88A51E88316000256D4B /* CapstoneTrail_AppleWatch Extension.appex */;
			productType = "com.apple.product-type.watchkit2-extension";
		};
/* End PBXNativeTarget section */

/* Begin PBXProject section */
		B66C8B94777728DFEB7964D7 /* Project object */ = {
			isa = PBXProject;
			attributes = {
				LastSwiftUpdateCheck = 0800;
				LastUpgradeCheck = 0820;
				ORGANIZATIONNAME = MSD;
				TargetAttributes = {
					B66C85B253DA11D131100BD0 = {
						DevelopmentTeam = 9Y6FHV2RR7;
						ProvisioningStyle = Automatic;
						SystemCapabilities = {
							com.apple.BackgroundModes = {
								enabled = 1;
							};
							com.apple.HealthKit = {
								enabled = 1;
							};
							com.apple.Keychain = {
								enabled = 1;
							};
							com.apple.Maps.iOS = {
								enabled = 1;
							};
						};
					};
					D20E88981E88316000256D4B = {
						CreatedOnToolsVersion = 8.0;
						DevelopmentTeam = 2472MVQR2Y;
						ProvisioningStyle = Automatic;
						SystemCapabilities = {
							com.apple.BackgroundModes.watchos.app = {
								enabled = 1;
							};
						};
					};
					D20E88A41E88316000256D4B = {
						CreatedOnToolsVersion = 8.0;
						DevelopmentTeam = 2472MVQR2Y;
						ProvisioningStyle = Automatic;
					};
				};
			};
			buildConfigurationList = B66C8ABAA81C27D30BB52528 /* Build configuration list for PBXProject "CapstoneTrail" */;
			compatibilityVersion = "Xcode 3.2";
			developmentRegion = English;
			hasScannedForEncodings = 0;
			knownRegions = (
				en,
				Base,
			);
			mainGroup = B66C8BC26AE95B2C75C578E8;
			productRefGroup = B66C8B1E34F48D6454107314 /* Products */;
			projectDirPath = "";
			projectRoot = "";
			targets = (
				B66C85B253DA11D131100BD0 /* CapstoneTrail */,
				B66C851B8F4D4BFBD3E468CA /* CapstoneTrailTests */,
				D20E88981E88316000256D4B /* CapstoneTrail_AppleWatch */,
				D20E88A41E88316000256D4B /* CapstoneTrail_AppleWatch Extension */,
			);
		};
/* End PBXProject section */

/* Begin PBXResourcesBuildPhase section */
		B66C85BB0B303F22C07048A6 /* Resources */ = {
			isa = PBXResourcesBuildPhase;
			buildActionMask = 2147483647;
			files = (
			);
			runOnlyForDeploymentPostprocessing = 0;
		};
		B66C8AE536CD8997B98C4BEF /* Resources */ = {
			isa = PBXResourcesBuildPhase;
			buildActionMask = 2147483647;
			files = (
				A96247E31E79E3AB00B15E55 /* WeatherIndex.xcassets in Resources */,
				B66C8E1A7401C833BE35C2A3 /* Images.xcassets in Resources */,
				44C7278A1E8FE8E00006AF60 /* History.storyboard in Resources */,
				446201A31E72AACA00A4DF42 /* Activity.storyboard in Resources */,
				A97979E41E5DE402002DC4D2 /* Kitchener.json in Resources */,
				A9FB93201E4A0C210053F6E3 /* APIKeys.plist in Resources */,
				D21BE5401E5FCB0C006D05C4 /* Friend.storyboard in Resources */,
				B66C875384EF1325BC0D7110 /* LaunchScreen.storyboard in Resources */,
				D21BE5441E5FCB0C006D05C4 /* People.storyboard in Resources */,
				A976D6F01E637B7D000CF3F5 /* TrailDetail.storyboard in Resources */,
				4460878D1E4E2C96007A8BE0 /* DashBoard.storyboard in Resources */,
				4423ED121E50E72700344B6D /* HikeGroup.storyboard in Resources */,
				A97979E51E5DE402002DC4D2 /* Waterloo.json in Resources */,
				B66C8A93363E18079BF25D47 /* Main.storyboard in Resources */,
				B66C8E8C8FFE2F1F9BB34360 /* Localizable.strings in Resources */,
				A92CA1FD1E6B30CF003EF418 /* TrailMap.storyboard in Resources */,
				A97979DE1E5DE318002DC4D2 /* TrailList.storyboard in Resources */,
				446087811E4E1771007A8BE0 /* SignIn.storyboard in Resources */,
				A95843211E7C5C6300EBBEFC /* MakeSchedule.storyboard in Resources */,
				D24784481E4A8C7A00A0AFCF /* GoogleService-Info.plist in Resources */,
				D20ADD551E7496230015F080 /* UnblockFriend.storyboard in Resources */,
				44385C081E5CE30B0095F2B0 /* Schedule.storyboard in Resources */,
				A95CD4581E78E506002655D3 /* ScheduleProfile.storyboard in Resources */,
			);
			runOnlyForDeploymentPostprocessing = 0;
		};
		D20E88971E88316000256D4B /* Resources */ = {
			isa = PBXResourcesBuildPhase;
			buildActionMask = 2147483647;
			files = (
				D20E889F1E88316000256D4B /* Assets.xcassets in Resources */,
				D20E889D1E88316000256D4B /* Interface.storyboard in Resources */,
			);
			runOnlyForDeploymentPostprocessing = 0;
		};
		D20E88A31E88316000256D4B /* Resources */ = {
			isa = PBXResourcesBuildPhase;
			buildActionMask = 2147483647;
			files = (
				D20E88AF1E88316000256D4B /* Assets.xcassets in Resources */,
			);
			runOnlyForDeploymentPostprocessing = 0;
		};
/* End PBXResourcesBuildPhase section */

/* Begin PBXShellScriptBuildPhase section */
		5AFE9F6D3C4CB4834E92E40A /* [CP] Embed Pods Frameworks */ = {
			isa = PBXShellScriptBuildPhase;
			buildActionMask = 2147483647;
			files = (
			);
			inputPaths = (
			);
			name = "[CP] Embed Pods Frameworks";
			outputPaths = (
			);
			runOnlyForDeploymentPostprocessing = 0;
			shellPath = /bin/sh;
			shellScript = "\"${SRCROOT}/Pods/Target Support Files/Pods-CapstoneTrail/Pods-CapstoneTrail-frameworks.sh\"\n";
			showEnvVarsInLog = 0;
		};
		902574AD668CAC4193A6D7A0 /* [CP] Copy Pods Resources */ = {
			isa = PBXShellScriptBuildPhase;
			buildActionMask = 2147483647;
			files = (
			);
			inputPaths = (
			);
			name = "[CP] Copy Pods Resources";
			outputPaths = (
			);
			runOnlyForDeploymentPostprocessing = 0;
			shellPath = /bin/sh;
			shellScript = "\"${SRCROOT}/Pods/Target Support Files/Pods-CapstoneTrail/Pods-CapstoneTrail-resources.sh\"\n";
			showEnvVarsInLog = 0;
		};
		D4012BF6E8017840B1C40C95 /* [CP] Check Pods Manifest.lock */ = {
			isa = PBXShellScriptBuildPhase;
			buildActionMask = 2147483647;
			files = (
			);
			inputPaths = (
			);
			name = "[CP] Check Pods Manifest.lock";
			outputPaths = (
			);
			runOnlyForDeploymentPostprocessing = 0;
			shellPath = /bin/sh;
			shellScript = "diff \"${PODS_ROOT}/../Podfile.lock\" \"${PODS_ROOT}/Manifest.lock\" > /dev/null\nif [ $? != 0 ] ; then\n    # print error to STDERR\n    echo \"error: The sandbox is not in sync with the Podfile.lock. Run 'pod install' or update your CocoaPods installation.\" >&2\n    exit 1\nfi\n";
			showEnvVarsInLog = 0;
		};
		D95A69E539E8CFDA78C6E803 /* [CP] Embed Pods Frameworks */ = {
			isa = PBXShellScriptBuildPhase;
			buildActionMask = 2147483647;
			files = (
			);
			inputPaths = (
			);
			name = "[CP] Embed Pods Frameworks";
			outputPaths = (
			);
			runOnlyForDeploymentPostprocessing = 0;
			shellPath = /bin/sh;
			shellScript = "\"${SRCROOT}/Pods/Target Support Files/Pods-CapstoneTrail-CapstoneTrailTests/Pods-CapstoneTrail-CapstoneTrailTests-frameworks.sh\"\n";
			showEnvVarsInLog = 0;
		};
		E5295B2E750B5F8848B35D02 /* [CP] Check Pods Manifest.lock */ = {
			isa = PBXShellScriptBuildPhase;
			buildActionMask = 2147483647;
			files = (
			);
			inputPaths = (
			);
			name = "[CP] Check Pods Manifest.lock";
			outputPaths = (
			);
			runOnlyForDeploymentPostprocessing = 0;
			shellPath = /bin/sh;
			shellScript = "diff \"${PODS_ROOT}/../Podfile.lock\" \"${PODS_ROOT}/Manifest.lock\" > /dev/null\nif [ $? != 0 ] ; then\n    # print error to STDERR\n    echo \"error: The sandbox is not in sync with the Podfile.lock. Run 'pod install' or update your CocoaPods installation.\" >&2\n    exit 1\nfi\n";
			showEnvVarsInLog = 0;
		};
		F0E09BA2C6E4C550497C9F81 /* [CP] Copy Pods Resources */ = {
			isa = PBXShellScriptBuildPhase;
			buildActionMask = 2147483647;
			files = (
			);
			inputPaths = (
			);
			name = "[CP] Copy Pods Resources";
			outputPaths = (
			);
			runOnlyForDeploymentPostprocessing = 0;
			shellPath = /bin/sh;
			shellScript = "\"${SRCROOT}/Pods/Target Support Files/Pods-CapstoneTrail-CapstoneTrailTests/Pods-CapstoneTrail-CapstoneTrailTests-resources.sh\"\n";
			showEnvVarsInLog = 0;
		};
/* End PBXShellScriptBuildPhase section */

/* Begin PBXSourcesBuildPhase section */
		B66C8128E698D7A1D8D912CA /* Sources */ = {
			isa = PBXSourcesBuildPhase;
			buildActionMask = 2147483647;
			files = (
				B66C891A616DF6929B1079A4 /* TrailMapViewControllerTests.swift in Sources */,
				B66C875F384F46488B725567 /* TrailTests.swift in Sources */,
				B66C84386F59F38871BEE0CF /* APIKeyTests.swift in Sources */,
			);
			runOnlyForDeploymentPostprocessing = 0;
		};
		B66C873BF5A6B2F8D8C2E69A /* Sources */ = {
			isa = PBXSourcesBuildPhase;
			buildActionMask = 2147483647;
			files = (
				440369C21E8E1E81000E6552 /* GroupMembersViewCell.swift in Sources */,
				44F136721E62087600E3747C /* UserProfileViewController.swift in Sources */,
				A97979D81E5DE1BB002DC4D2 /* Trails.xcdatamodeld in Sources */,
				449C850A1E77B20800A19597 /* PedometerActivityViewController.swift in Sources */,
				449ACFD51E58758900B84118 /* DashBoardViewController.swift in Sources */,
				44385C0C1E5CEFB20095F2B0 /* ScheduleViewCell.swift in Sources */,
				44F5B7341E6318C5007C7B97 /* SettingCellController.swift in Sources */,
				D21BE5471E5FCB30006D05C4 /* UIImageExtension.swift in Sources */,
				44DE38041E6BFC25002A775A /* ScheduleInviteCell.swift in Sources */,
				D247844A1E4A8D5E00A0AFCF /* LoginController.swift in Sources */,
				446087761E4E115D007A8BE0 /* UserLogin.swift in Sources */,
				44385C031E5BD2790095F2B0 /* AddFriendToGroupsController.swift in Sources */,
				A97EB5701E5E08E900CCCF31 /* TrailDetailViewController.swift in Sources */,
				B66C828D90807E4B30E4188C /* AppDelegate.swift in Sources */,
				4460877F1E4E1456007A8BE0 /* CreateAccountViewController.swift in Sources */,
				448C10FF1E5B648A00BE9123 /* GroupDBController.swift in Sources */,
				4434BD071E5D5B8B008692B8 /* mailFriend.swift in Sources */,
				44385C051E5BD50C0095F2B0 /* ViewFriendViewController.swift in Sources */,
				44385C011E5BCFE10095F2B0 /* CustomTableViewCell.swift in Sources */,
				44C7278C1E8FEE6A0006AF60 /* HistoryTableViewCell.swift in Sources */,
				44385C0A1E5CE3430095F2B0 /* ScheduleListController.swift in Sources */,
				A978A1471E7DD72C00B43946 /* TrailMO+CoreDataProperties.swift in Sources */,
				44385C0E1E5CF27E0095F2B0 /* ScheduleProfileController.swift in Sources */,
				44F136741E62277500E3747C /* GroupListViewCell.swift in Sources */,
				44DE37FF1E679595002A775A /* GroupMembersViewController.swift in Sources */,
				D20ADD561E7496230015F080 /* UnblockFriendController.swift in Sources */,
				D21BE5411E5FCB0C006D05C4 /* FriendViewController.swift in Sources */,
				D21BE5431E5FCB0C006D05C4 /* PeopleViewController.swift in Sources */,
				446087741E4E1149007A8BE0 /* LoginViewController.swift in Sources */,
				A98B92F71E637DBC007C7AB6 /* TrailUtils.swift in Sources */,
				A97979E01E5DE342002DC4D2 /* TrailListTableViewController.swift in Sources */,
				447F49A11E5AC4BE0028282D /* GroupProfileViewController.swift in Sources */,
				449ACFCF1E565ED300B84118 /* CreateGroupViewController.swift in Sources */,
				448C11011E5B64B300BE9123 /* GroupModel.swift in Sources */,
				44967C961E5D69E700086030 /* friendIvCell.swift in Sources */,
				4462019F1E7296F300A4DF42 /* ActivityViewController.swift in Sources */,
				44F5B7301E63166E007C7B97 /* SettingsController.swift in Sources */,
				A978A1461E7DD72C00B43946 /* TrailMO+CoreDataClass.swift in Sources */,
				44DE37FD1E673809002A775A /* UpdateGroupViewController.swift in Sources */,
				449ACFCC1E56216600B84118 /* HikeGroupViewController.swift in Sources */,
				B66C8CB60CD0DB584DAD522E /* ViewController.swift in Sources */,
				D21BE5481E5FCB30006D05C4 /* StringExtension.swift in Sources */,
				446087781E4E116A007A8BE0 /* User.swift in Sources */,
				A97979E71E5DE6D8002DC4D2 /* TrailTableViewCell.swift in Sources */,
				44DE38071E6CE54B002A775A /* ScheduleDBController.swift in Sources */,
				A95843231E7C5C8100EBBEFC /* MakeScheduleViewController.swift in Sources */,
				44DE38091E6D17F4002A775A /* HikeModel.swift in Sources */,
				44F5B7321E63176F007C7B97 /* JoinAppInvitation.swift in Sources */,
				D21BE5421E5FCB0C006D05C4 /* Friend.swift in Sources */,
				B66C83238B78A69E6A3ACF49 /* TrailMapViewController.swift in Sources */,
				B66C80BC715842FD22EF75BC /* Trail.swift in Sources */,
				B66C8C8DEC5FB180F7C3C27E /* TrailPolyline.swift in Sources */,
				B66C82E1126A445C50143E18 /* TrailTap.swift in Sources */,
				B66C849A35C01E8274ADCC1E /* APIKeys.swift in Sources */,
				B66C85F04463BF555892D8BA /* WeatherUtils.swift in Sources */,
			);
			runOnlyForDeploymentPostprocessing = 0;
		};
		D20E88A11E88316000256D4B /* Sources */ = {
			isa = PBXSourcesBuildPhase;
			buildActionMask = 2147483647;
			files = (
				D20E88AD1E88316000256D4B /* ExtensionDelegate.swift in Sources */,
				D20E88AB1E88316000256D4B /* InterfaceController.swift in Sources */,
			);
			runOnlyForDeploymentPostprocessing = 0;
		};
/* End PBXSourcesBuildPhase section */

/* Begin PBXTargetDependency section */
		B66C8AB241181F2382E5EB8E /* PBXTargetDependency */ = {
			isa = PBXTargetDependency;
			target = B66C85B253DA11D131100BD0 /* CapstoneTrail */;
			targetProxy = B66C8442E5EE6A3F79FDCC78 /* PBXContainerItemProxy */;
		};
		D20E88A81E88316000256D4B /* PBXTargetDependency */ = {
			isa = PBXTargetDependency;
			target = D20E88A41E88316000256D4B /* CapstoneTrail_AppleWatch Extension */;
			targetProxy = D20E88A71E88316000256D4B /* PBXContainerItemProxy */;
		};
		D20E88B21E88316000256D4B /* PBXTargetDependency */ = {
			isa = PBXTargetDependency;
			target = D20E88981E88316000256D4B /* CapstoneTrail_AppleWatch */;
			targetProxy = D20E88B11E88316000256D4B /* PBXContainerItemProxy */;
		};
/* End PBXTargetDependency section */

/* Begin PBXVariantGroup section */
		B66C82EA8971FB9C46435BE3 /* LaunchScreen.storyboard */ = {
			isa = PBXVariantGroup;
			children = (
				B66C88010C9CFE43488BA299 /* Base */,
			);
			name = LaunchScreen.storyboard;
			sourceTree = "<group>";
		};
		B66C842C3146213CC47FE05D /* Main.storyboard */ = {
			isa = PBXVariantGroup;
			children = (
				B66C8A40A20620D47441B827 /* Base */,
			);
			name = Main.storyboard;
			sourceTree = "<group>";
		};
		D20E889B1E88316000256D4B /* Interface.storyboard */ = {
			isa = PBXVariantGroup;
			children = (
				D20E889C1E88316000256D4B /* Base */,
			);
			name = Interface.storyboard;
			sourceTree = "<group>";
		};
/* End PBXVariantGroup section */

/* Begin XCBuildConfiguration section */
		B66C86EFEA5EF21AA7CBBC33 /* Debug */ = {
			isa = XCBuildConfiguration;
			baseConfigurationReference = BF8723D0477B49A44409DAE8 /* Pods-CapstoneTrail-CapstoneTrailTests.debug.xcconfig */;
			buildSettings = {
				BUNDLE_LOADER = "$(BUILT_PRODUCTS_DIR)/CapstoneTrail.app/CapstoneTrail";
				INFOPLIST_FILE = CapstoneTrailTests/Info.plist;
				LD_RUNPATH_SEARCH_PATHS = "$(inherited) @executable_path/Frameworks @loader_path/Frameworks";
				PRODUCT_BUNDLE_IDENTIFIER = conestogac.msd.CapstoneTrailTests;
				PRODUCT_NAME = "$(TARGET_NAME)";
				SWIFT_VERSION = 3.0;
				TEST_HOST = "$(BUNDLE_LOADER)";
			};
			name = Debug;
		};
		B66C8750B79A91BC80635776 /* Debug */ = {
			isa = XCBuildConfiguration;
			baseConfigurationReference = 93C0CBAFEF495B65F5778885 /* Pods-CapstoneTrail.debug.xcconfig */;
			buildSettings = {
				ASSETCATALOG_COMPILER_APPICON_NAME = AppIcon;
				CODE_SIGN_ENTITLEMENTS = CapstoneTrail/CapstoneTrail.entitlements;
				DEVELOPMENT_TEAM = 9Y6FHV2RR7;
				INFOPLIST_FILE = CapstoneTrail/Config/Info.plist;
				IPHONEOS_DEPLOYMENT_TARGET = 10.0;
				LD_RUNPATH_SEARCH_PATHS = "$(inherited) @executable_path/Frameworks";
				PRODUCT_BUNDLE_IDENTIFIER = conestogac.msd.CapstoneTrailx;
				PRODUCT_NAME = "$(TARGET_NAME)";
				SWIFT_VERSION = 3.0;
			};
			name = Debug;
		};
		B66C88232DEC15C396B31EB2 /* Debug */ = {
			isa = XCBuildConfiguration;
			buildSettings = {
				ALWAYS_SEARCH_USER_PATHS = NO;
				CLANG_ANALYZER_NONNULL = YES;
				CLANG_CXX_LANGUAGE_STANDARD = "gnu++0x";
				CLANG_CXX_LIBRARY = "libc++";
				CLANG_ENABLE_MODULES = YES;
				CLANG_ENABLE_OBJC_ARC = YES;
				CLANG_WARN_BOOL_CONVERSION = YES;
				CLANG_WARN_CONSTANT_CONVERSION = YES;
				CLANG_WARN_DIRECT_OBJC_ISA_USAGE = YES_ERROR;
				CLANG_WARN_DOCUMENTATION_COMMENTS = YES;
				CLANG_WARN_EMPTY_BODY = YES;
				CLANG_WARN_ENUM_CONVERSION = YES;
				CLANG_WARN_INFINITE_RECURSION = YES;
				CLANG_WARN_INT_CONVERSION = YES;
				CLANG_WARN_OBJC_ROOT_CLASS = YES_ERROR;
				CLANG_WARN_SUSPICIOUS_MOVE = YES;
				CLANG_WARN_UNREACHABLE_CODE = YES;
				CLANG_WARN__DUPLICATE_METHOD_MATCH = YES;
				"CODE_SIGN_IDENTITY[sdk=iphoneos*]" = "iPhone Developer";
				COPY_PHASE_STRIP = NO;
				DEBUG_INFORMATION_FORMAT = dwarf;
				ENABLE_STRICT_OBJC_MSGSEND = YES;
				ENABLE_TESTABILITY = YES;
				GCC_C_LANGUAGE_STANDARD = gnu99;
				GCC_DYNAMIC_NO_PIC = NO;
				GCC_NO_COMMON_BLOCKS = YES;
				GCC_OPTIMIZATION_LEVEL = 0;
				GCC_PREPROCESSOR_DEFINITIONS = (
					"DEBUG=1",
					"$(inherited)",
				);
				GCC_WARN_64_TO_32_BIT_CONVERSION = YES;
				GCC_WARN_ABOUT_RETURN_TYPE = YES_ERROR;
				GCC_WARN_UNDECLARED_SELECTOR = YES;
				GCC_WARN_UNINITIALIZED_AUTOS = YES_AGGRESSIVE;
				GCC_WARN_UNUSED_FUNCTION = YES;
				GCC_WARN_UNUSED_VARIABLE = YES;
				IPHONEOS_DEPLOYMENT_TARGET = 10.0;
				MTL_ENABLE_DEBUG_INFO = YES;
				ONLY_ACTIVE_ARCH = YES;
				SDKROOT = iphoneos;
				SWIFT_ACTIVE_COMPILATION_CONDITIONS = DEBUG;
				SWIFT_OPTIMIZATION_LEVEL = "-Onone";
			};
			name = Debug;
		};
		B66C8C1D2A8AB101C98D4906 /* Release */ = {
			isa = XCBuildConfiguration;
			buildSettings = {
				ALWAYS_SEARCH_USER_PATHS = NO;
				CLANG_ANALYZER_NONNULL = YES;
				CLANG_CXX_LANGUAGE_STANDARD = "gnu++0x";
				CLANG_CXX_LIBRARY = "libc++";
				CLANG_ENABLE_MODULES = YES;
				CLANG_ENABLE_OBJC_ARC = YES;
				CLANG_WARN_BOOL_CONVERSION = YES;
				CLANG_WARN_CONSTANT_CONVERSION = YES;
				CLANG_WARN_DIRECT_OBJC_ISA_USAGE = YES_ERROR;
				CLANG_WARN_DOCUMENTATION_COMMENTS = YES;
				CLANG_WARN_EMPTY_BODY = YES;
				CLANG_WARN_ENUM_CONVERSION = YES;
				CLANG_WARN_INFINITE_RECURSION = YES;
				CLANG_WARN_INT_CONVERSION = YES;
				CLANG_WARN_OBJC_ROOT_CLASS = YES_ERROR;
				CLANG_WARN_SUSPICIOUS_MOVE = YES;
				CLANG_WARN_UNREACHABLE_CODE = YES;
				CLANG_WARN__DUPLICATE_METHOD_MATCH = YES;
				"CODE_SIGN_IDENTITY[sdk=iphoneos*]" = "iPhone Developer";
				COPY_PHASE_STRIP = NO;
				DEBUG_INFORMATION_FORMAT = "dwarf-with-dsym";
				ENABLE_NS_ASSERTIONS = NO;
				ENABLE_STRICT_OBJC_MSGSEND = YES;
				GCC_C_LANGUAGE_STANDARD = gnu99;
				GCC_NO_COMMON_BLOCKS = YES;
				GCC_WARN_64_TO_32_BIT_CONVERSION = YES;
				GCC_WARN_ABOUT_RETURN_TYPE = YES_ERROR;
				GCC_WARN_UNDECLARED_SELECTOR = YES;
				GCC_WARN_UNINITIALIZED_AUTOS = YES_AGGRESSIVE;
				GCC_WARN_UNUSED_FUNCTION = YES;
				GCC_WARN_UNUSED_VARIABLE = YES;
				IPHONEOS_DEPLOYMENT_TARGET = 10.0;
				MTL_ENABLE_DEBUG_INFO = NO;
				SDKROOT = iphoneos;
				SWIFT_OPTIMIZATION_LEVEL = "-Owholemodule";
				VALIDATE_PRODUCT = YES;
			};
			name = Release;
		};
		B66C8D357A6BC7C5E42903EF /* Release */ = {
			isa = XCBuildConfiguration;
			baseConfigurationReference = 3BFF0EC91E9D1FE9FF82FCEB /* Pods-CapstoneTrail-CapstoneTrailTests.release.xcconfig */;
			buildSettings = {
				BUNDLE_LOADER = "$(BUILT_PRODUCTS_DIR)/CapstoneTrail.app/CapstoneTrail";
				INFOPLIST_FILE = CapstoneTrailTests/Info.plist;
				LD_RUNPATH_SEARCH_PATHS = "$(inherited) @executable_path/Frameworks @loader_path/Frameworks";
				PRODUCT_BUNDLE_IDENTIFIER = conestogac.msd.CapstoneTrailTests;
				PRODUCT_NAME = "$(TARGET_NAME)";
				SWIFT_VERSION = 3.0;
				TEST_HOST = "$(BUNDLE_LOADER)";
			};
			name = Release;
		};
		B66C8E9ED0225BAF28E065CB /* Release */ = {
			isa = XCBuildConfiguration;
			baseConfigurationReference = 1D6EA5CAAD52FAA0D9CDCCDE /* Pods-CapstoneTrail.release.xcconfig */;
			buildSettings = {
				ASSETCATALOG_COMPILER_APPICON_NAME = AppIcon;
				CODE_SIGN_ENTITLEMENTS = CapstoneTrail/CapstoneTrail.entitlements;
				DEVELOPMENT_TEAM = 9Y6FHV2RR7;
				INFOPLIST_FILE = CapstoneTrail/Config/Info.plist;
				IPHONEOS_DEPLOYMENT_TARGET = 10.0;
				LD_RUNPATH_SEARCH_PATHS = "$(inherited) @executable_path/Frameworks";
				PRODUCT_BUNDLE_IDENTIFIER = conestogac.msd.CapstoneTrailx;
				PRODUCT_NAME = "$(TARGET_NAME)";
				SWIFT_VERSION = 3.0;
			};
			name = Release;
		};
		D20E88B51E88316000256D4B /* Debug */ = {
			isa = XCBuildConfiguration;
			buildSettings = {
				ASSETCATALOG_COMPILER_COMPLICATION_NAME = Complication;
				CLANG_WARN_SUSPICIOUS_MOVES = YES;
				DEVELOPMENT_TEAM = 2472MVQR2Y;
				INFOPLIST_FILE = "CapstoneTrail_AppleWatch Extension/Info.plist";
				LD_RUNPATH_SEARCH_PATHS = "$(inherited) @executable_path/Frameworks @executable_path/../../Frameworks";
				PRODUCT_BUNDLE_IDENTIFIER = conestogac.msd.CapstoneTrailx.watchkitapp.watchkitextension;
				PRODUCT_NAME = "${TARGET_NAME}";
				SDKROOT = watchos;
				SKIP_INSTALL = YES;
				SWIFT_VERSION = 3.0;
				TARGETED_DEVICE_FAMILY = 4;
				WATCHOS_DEPLOYMENT_TARGET = 3.0;
			};
			name = Debug;
		};
		D20E88B61E88316000256D4B /* Release */ = {
			isa = XCBuildConfiguration;
			buildSettings = {
				ASSETCATALOG_COMPILER_COMPLICATION_NAME = Complication;
				CLANG_WARN_SUSPICIOUS_MOVES = YES;
				DEVELOPMENT_TEAM = 2472MVQR2Y;
				INFOPLIST_FILE = "CapstoneTrail_AppleWatch Extension/Info.plist";
				LD_RUNPATH_SEARCH_PATHS = "$(inherited) @executable_path/Frameworks @executable_path/../../Frameworks";
				PRODUCT_BUNDLE_IDENTIFIER = conestogac.msd.CapstoneTrailx.watchkitapp.watchkitextension;
				PRODUCT_NAME = "${TARGET_NAME}";
				SDKROOT = watchos;
				SKIP_INSTALL = YES;
				SWIFT_VERSION = 3.0;
				TARGETED_DEVICE_FAMILY = 4;
				WATCHOS_DEPLOYMENT_TARGET = 3.0;
			};
			name = Release;
		};
		D20E88B91E88316000256D4B /* Debug */ = {
			isa = XCBuildConfiguration;
			buildSettings = {
				ALWAYS_EMBED_SWIFT_STANDARD_LIBRARIES = YES;
				ASSETCATALOG_COMPILER_APPICON_NAME = AppIcon;
				CLANG_WARN_SUSPICIOUS_MOVES = YES;
				DEVELOPMENT_TEAM = 2472MVQR2Y;
				IBSC_MODULE = CapstoneTrail_AppleWatch_Extension;
				INFOPLIST_FILE = CapstoneTrail_AppleWatch/Info.plist;
				PRODUCT_BUNDLE_IDENTIFIER = conestogac.msd.CapstoneTrailx.watchkitapp;
				PRODUCT_NAME = "$(TARGET_NAME)";
				SDKROOT = watchos;
				SKIP_INSTALL = YES;
				SWIFT_VERSION = 3.0;
				TARGETED_DEVICE_FAMILY = 4;
				WATCHOS_DEPLOYMENT_TARGET = 3.0;
			};
			name = Debug;
		};
		D20E88BA1E88316000256D4B /* Release */ = {
			isa = XCBuildConfiguration;
			buildSettings = {
				ALWAYS_EMBED_SWIFT_STANDARD_LIBRARIES = YES;
				ASSETCATALOG_COMPILER_APPICON_NAME = AppIcon;
				CLANG_WARN_SUSPICIOUS_MOVES = YES;
				DEVELOPMENT_TEAM = 2472MVQR2Y;
				IBSC_MODULE = CapstoneTrail_AppleWatch_Extension;
				INFOPLIST_FILE = CapstoneTrail_AppleWatch/Info.plist;
				PRODUCT_BUNDLE_IDENTIFIER = conestogac.msd.CapstoneTrailx.watchkitapp;
				PRODUCT_NAME = "$(TARGET_NAME)";
				SDKROOT = watchos;
				SKIP_INSTALL = YES;
				SWIFT_VERSION = 3.0;
				TARGETED_DEVICE_FAMILY = 4;
				WATCHOS_DEPLOYMENT_TARGET = 3.0;
			};
			name = Release;
		};
/* End XCBuildConfiguration section */

/* Begin XCConfigurationList section */
		B66C89D3945F7A4D333F7D9A /* Build configuration list for PBXNativeTarget "CapstoneTrail" */ = {
			isa = XCConfigurationList;
			buildConfigurations = (
				B66C8750B79A91BC80635776 /* Debug */,
				B66C8E9ED0225BAF28E065CB /* Release */,
			);
			defaultConfigurationIsVisible = 0;
			defaultConfigurationName = Release;
		};
		B66C8ABAA81C27D30BB52528 /* Build configuration list for PBXProject "CapstoneTrail" */ = {
			isa = XCConfigurationList;
			buildConfigurations = (
				B66C88232DEC15C396B31EB2 /* Debug */,
				B66C8C1D2A8AB101C98D4906 /* Release */,
			);
			defaultConfigurationIsVisible = 0;
			defaultConfigurationName = Release;
		};
		B66C8D8B4EC01179AF6AE852 /* Build configuration list for PBXNativeTarget "CapstoneTrailTests" */ = {
			isa = XCConfigurationList;
			buildConfigurations = (
				B66C86EFEA5EF21AA7CBBC33 /* Debug */,
				B66C8D357A6BC7C5E42903EF /* Release */,
			);
			defaultConfigurationIsVisible = 0;
			defaultConfigurationName = Release;
		};
		D20E88B41E88316000256D4B /* Build configuration list for PBXNativeTarget "CapstoneTrail_AppleWatch Extension" */ = {
			isa = XCConfigurationList;
			buildConfigurations = (
				D20E88B51E88316000256D4B /* Debug */,
				D20E88B61E88316000256D4B /* Release */,
			);
			defaultConfigurationIsVisible = 0;
			defaultConfigurationName = Release;
		};
		D20E88B81E88316000256D4B /* Build configuration list for PBXNativeTarget "CapstoneTrail_AppleWatch" */ = {
			isa = XCConfigurationList;
			buildConfigurations = (
				D20E88B91E88316000256D4B /* Debug */,
				D20E88BA1E88316000256D4B /* Release */,
			);
			defaultConfigurationIsVisible = 0;
			defaultConfigurationName = Release;
		};
/* End XCConfigurationList section */

/* Begin XCVersionGroup section */
		A97979D61E5DE1BB002DC4D2 /* Trails.xcdatamodeld */ = {
			isa = XCVersionGroup;
			children = (
				A97979D71E5DE1BB002DC4D2 /* Trails.xcdatamodel */,
			);
			currentVersion = A97979D71E5DE1BB002DC4D2 /* Trails.xcdatamodel */;
			path = Trails.xcdatamodeld;
			sourceTree = "<group>";
			versionGroupType = wrapper.xcdatamodel;
		};
/* End XCVersionGroup section */
	};
	rootObject = B66C8B94777728DFEB7964D7 /* Project object */;
}
